
Microsoft Visual Studio Solution File, Format Version 12.00
# Visual Studio 15
VisualStudioVersion = 15.0.27130.2010
MinimumVisualStudioVersion = 10.0.40219.1
Project("{2150E333-8FDC-42A3-9474-1A3956D46DE8}") = "15.1.File", "15.1.File", "{F2CFD281-F462-46F3-BE10-DDD44B562ECF}"
	ProjectSection(SolutionItems) = preProject
		15.1.1. Key Members of the System.IO Namespace.cs = 15.1.1. Key Members of the System.IO Namespace.cs
	EndProjectSection
EndProject
Project("{FAE04EC0-301F-11D3-BF4B-00C04F79EFBC}") = "15.1.2. GetCreationTime and GetLastAccessTime", "15.1.2.GetCreationTime and GetLastAccessTime\15.1.2. GetCreationTime and GetLastAccessTime.csproj", "{C426DC38-84E9-4F9B-A3AB-29EFC0C919E2}"
EndProject
Project("{FAE04EC0-301F-11D3-BF4B-00C04F79EFBC}") = "15.1.3. Create the FileInfo class", "15.1.3. Create the FileInfo class\15.1.3. Create the FileInfo class.csproj", "{A8C86B04-26FE-4828-96C4-F9B4BFCD42AF}"
EndProject
Project("{2150E333-8FDC-42A3-9474-1A3956D46DE8}") = "MSDN", "MSDN", "{33B54641-AB9A-4DEC-9F4C-6FEA46E60628}"
EndProject
Project("{FAE04EC0-301F-11D3-BF4B-00C04F79EFBC}") = "FileInfo Class", "FileInfo Class\FileInfo Class.csproj", "{87EFD25E-E9CB-494D-83E5-17A644CB27BE}"
EndProject
Project("{FAE04EC0-301F-11D3-BF4B-00C04F79EFBC}") = "15.1.4. File.Exists", "15.1.4. File.Exists\15.1.4. File.Exists.csproj", "{6C39C65F-227B-4145-9556-19DAB276B048}"
EndProject
Project("{FAE04EC0-301F-11D3-BF4B-00C04F79EFBC}") = "15.1.5. File.ReadAllLines", "15.1.5. File.ReadAllLines\15.1.5. File.ReadAllLines.csproj", "{A48CDDB6-22BA-4F27-86F6-1F049D072C53}"
EndProject
Project("{2150E333-8FDC-42A3-9474-1A3956D46DE8}") = "Solution Items", "Solution Items", "{63CA4EF8-18CA-4B8F-9169-80A826B5704B}"
	ProjectSection(SolutionItems) = preProject
		Readme.md = Readme.md
	EndProjectSection
EndProject
Project("{FAE04EC0-301F-11D3-BF4B-00C04F79EFBC}") = "15.1.6. File.WriteAllLines", "15.1.6. File.WriteAllLines\15.1.6. File.WriteAllLines.csproj", "{19AA2BF3-7E01-4991-9393-72799098A6DA}"
EndProject
Project("{2150E333-8FDC-42A3-9474-1A3956D46DE8}") = "15.2.File Create( 3 )", "15.2.File Create( 3 )", "{DD1A787D-B1A1-499F-9D93-4A65405D0D57}"
EndProject
Project("{FAE04EC0-301F-11D3-BF4B-00C04F79EFBC}") = "15.2.1. Creating Files", "15.2.1. Creating Files\15.2.1. Creating Files.csproj", "{D9DD3056-0EDA-41B4-B937-57134F605D3E}"
EndProject
Project("{FAE04EC0-301F-11D3-BF4B-00C04F79EFBC}") = "15.2.2. Full name and Attributes", "15.2.2. Full name and Attributes\15.2.2. Full name and Attributes.csproj", "{1A2BD9E0-CE92-424F-A5FC-FF5915E720DF}"
EndProject
Project("{FAE04EC0-301F-11D3-BF4B-00C04F79EFBC}") = "15.2.3. Create text file using File.CreateText", "15.2.3. Create text file using File.CreateText\15.2.3. Create text file using File.CreateText.csproj", "{99E5BED9-0A57-4F90-8380-4FDF07943CC7}"
EndProject
Project("{2150E333-8FDC-42A3-9474-1A3956D46DE8}") = "15.3.File Delete( 1 )", "15.3.File Delete( 1 )", "{B4D48E3E-1133-4320-8E28-A8215B3002F0}"
EndProject
Project("{FAE04EC0-301F-11D3-BF4B-00C04F79EFBC}") = "15.3.1. Deleting Files", "15.3.1. Deleting Files\15.3.1. Deleting Files.csproj", "{B711FBC2-2446-4BBD-B4E6-D00AEB4CF419}"
EndProject
Project("{2150E333-8FDC-42A3-9474-1A3956D46DE8}") = "15.4.File Copy( 3 )", "15.4.File Copy( 3 )", "{07D93309-8C36-4F69-B44E-028D22147605}"
EndProject
Project("{FAE04EC0-301F-11D3-BF4B-00C04F79EFBC}") = "15.4.1. Copy a file", "15.4.1. Copy a file\15.4.1. Copy a file.csproj", "{934CC724-0345-4C35-99B2-2ED0F66BC96F}"
EndProject
Project("{FAE04EC0-301F-11D3-BF4B-00C04F79EFBC}") = "15.4.2. Writing data", "15.4.2. Writing data\15.4.2. Writing data.csproj", "{3E3F7A52-A266-4278-90FA-490280D01513}"
EndProject
Project("{FAE04EC0-301F-11D3-BF4B-00C04F79EFBC}") = "15.4.3. Copying A File by using FileInfo", "15.4.3. Copying A File by using FileInfo\15.4.3. Copying A File by using FileInfo.csproj", "{26A7BB05-F643-4AE1-B9C8-F1FEB11ED5D7}"
EndProject
Project("{2150E333-8FDC-42A3-9474-1A3956D46DE8}") = "15.5.File Move( 1 )", "15.5.File Move( 1 )", "{6ED8E1B6-7B58-4180-A538-DC28C053DB62}"
EndProject
Project("{FAE04EC0-301F-11D3-BF4B-00C04F79EFBC}") = "15.5.1. Moving a file", "15.5.1. Moving a file\15.5.1. Moving a file.csproj", "{B9DDDDC1-24C5-45B9-986A-02B4B3EA6511}"
EndProject
Project("{2150E333-8FDC-42A3-9474-1A3956D46DE8}") = "15.6.File Compare( 1 )", "15.6.File Compare( 1 )", "{B239C032-5DF3-4D2B-9C45-CA417411AC80}"
EndProject
Project("{FAE04EC0-301F-11D3-BF4B-00C04F79EFBC}") = "15.6.1. Compare hash bytes of two files", "15.6.1. Compare hash bytes of two files\15.6.1. Compare hash bytes of two files.csproj", "{51710179-5E80-4F62-88AA-7E256F5DE025}"
EndProject
Project("{2150E333-8FDC-42A3-9474-1A3956D46DE8}") = "15.7.File Attribute( 3 )", "15.7.File Attribute( 3 )", "{7FBDF70D-EC17-484F-B3BF-1395269890B9}"
EndProject
Project("{FAE04EC0-301F-11D3-BF4B-00C04F79EFBC}") = "15.7.1. FileAttributes.ReadOnly", "15.7.1. FileAttributes.ReadOnly\15.7.1. FileAttributes.ReadOnly.csproj", "{E7B31074-951E-4A79-9E82-222DED8CA78A}"
EndProject
Project("{FAE04EC0-301F-11D3-BF4B-00C04F79EFBC}") = "15.7.2. FileAttributes enumeration", "15.7.2. FileAttributes enumeration\15.7.2. FileAttributes enumeration.csproj", "{CF0FE1EA-445A-427D-B8B9-58DE38B23097}"
EndProject
Project("{FAE04EC0-301F-11D3-BF4B-00C04F79EFBC}") = "15.7.3. Change file attribute", "15.7.3. Change file attribute\15.7.3. Change file attribute.csproj", "{06BE32B6-B00C-40D8-8A8E-402B79939A15}"
EndProject
Project("{2150E333-8FDC-42A3-9474-1A3956D46DE8}") = "15.9.File Access Mode( 6 )", "15.9.File Access Mode( 6 )", "{6B9A522D-B3A6-4EBF-B525-250DF345DB55}"
EndProject
Project("{FAE04EC0-301F-11D3-BF4B-00C04F79EFBC}") = "15.9.1. FileStream is opened", "15.9.1. FileStream is opened\15.9.1. FileStream is opened.csproj", "{3585B7BB-8686-4715-A766-9FBFAE5B9F7E}"
EndProject
Project("{FAE04EC0-301F-11D3-BF4B-00C04F79EFBC}") = "15.9.2. FileStream is opened", "15.9.2. FileStream is opened\15.9.2. FileStream is opened.csproj", "{A0456070-A589-4AE1-B94B-503AA2255F5D}"
EndProject
Project("{FAE04EC0-301F-11D3-BF4B-00C04F79EFBC}") = "15.9.3. FileStream is opened", "15.9.3. FileStream is opened\15.9.3. FileStream is opened.csproj", "{C61ED147-DCBF-4080-B58E-F736186CF75D}"
EndProject
Project("{FAE04EC0-301F-11D3-BF4B-00C04F79EFBC}") = "15.9.4. Use FileStream", "15.9.4. Use FileStream\15.9.4. Use FileStream.csproj", "{04DA76B6-6BE4-4D7A-BEB7-F7201907E280}"
EndProject
Project("{FAE04EC0-301F-11D3-BF4B-00C04F79EFBC}") = "15.9.5. Creates a file", "15.9.5. Creates a file\15.9.5. Creates a file.csproj", "{9A77480D-CAF9-4BFF-B0D7-EDEEE90B8EB0}"
EndProject
Project("{FAE04EC0-301F-11D3-BF4B-00C04F79EFBC}") = "15.9.6. Create FileStream from FileInfo", "15.9.6. Create FileStream from FileInfo\15.9.6. Create FileStream from FileInfo.csproj", "{7F9D7B8F-B40E-48A6-A7C7-16370CA71C3F}"
EndProject
Project("{2150E333-8FDC-42A3-9474-1A3956D46DE8}") = "15.8.File Properties( 3 )", "15.8.File Properties( 3 )", "{3318449C-D2EC-4863-8202-9C58B656BDFB}"
EndProject
Project("{FAE04EC0-301F-11D3-BF4B-00C04F79EFBC}") = "15.8.1. Get FileInfo", "15.8.1. Get FileInfo\15.8.1. Get FileInfo.csproj", "{5C0FF361-CEC2-4D12-868C-6CED016CBF7A}"
EndProject
Project("{FAE04EC0-301F-11D3-BF4B-00C04F79EFBC}") = "15.8.2. Get FileInfo", "15.8.2. Get FileInfo\15.8.2. Get FileInfo.csproj", "{7379D7F7-00E3-4078-AAF2-09ABD2846C59}"
EndProject
Project("{FAE04EC0-301F-11D3-BF4B-00C04F79EFBC}") = "15.8.3. Get File", "15.8.3. Get File\15.8.3. Get File.csproj", "{5121D6FE-749A-4119-AB92-38AEADDC3EE7}"
EndProject
Project("{2150E333-8FDC-42A3-9474-1A3956D46DE8}") = "15.10.File Byte Read Write( 3 )", "15.10.File Byte Read Write( 3 )", "{90D35F85-A22A-4C4E-8DE4-D3B2FA2518C0}"
EndProject
Project("{FAE04EC0-301F-11D3-BF4B-00C04F79EFBC}") = "15.10.1. Use FileStream to read a file", "15.10.1. Use FileStream to read a file\15.10.1. Use FileStream to read a file.csproj", "{95AFF411-634D-436A-8D92-F6E8B23BAE53}"
EndProject
Project("{FAE04EC0-301F-11D3-BF4B-00C04F79EFBC}") = "15.10.2. Use FileStream to write", "15.10.2. Use FileStream to write\15.10.2. Use FileStream to write.csproj", "{36350C4E-52B3-4D53-A787-A5AD00529E35}"
EndProject
Project("{FAE04EC0-301F-11D3-BF4B-00C04F79EFBC}") = "15.10.3. Reading from a stream", "15.10.3. Reading from a stream\15.10.3. Reading from a stream.csproj", "{EEE4EE09-9F3D-4937-9323-D9CFF0FE7A07}"
EndProject
Project("{2150E333-8FDC-42A3-9474-1A3956D46DE8}") = "15.11.File Access Rule( 3 )", "15.11.File Access Rule( 3 )", "{C95458F8-6B26-456A-BB57-B57968CC4563}"
EndProject
Project("{FAE04EC0-301F-11D3-BF4B-00C04F79EFBC}") = "15.11.1. Set File access rule", "15.11.1. Set File access rule\15.11.1. Set File access rule.csproj", "{A7EE6A44-953E-4FFC-A6F2-90AFBBFF1958}"
EndProject
Project("{FAE04EC0-301F-11D3-BF4B-00C04F79EFBC}") = "15.11.2. Add file access rule", "15.11.2. Add file access rule\15.11.2. Add file access rule.csproj", "{2B3365B9-BFB5-4FED-9BCC-3F77D7FA46A1}"
EndProject
Project("{FAE04EC0-301F-11D3-BF4B-00C04F79EFBC}") = "15.11.3. Creating a new file", "15.11.3. Creating a new file\15.11.3. Creating a new file.csproj", "{F16F488F-3949-48CD-86A6-C7BB47CC291A}"
EndProject
Project("{2150E333-8FDC-42A3-9474-1A3956D46DE8}") = "15.12.File Permission( 7 )", "15.12.File Permission( 7 )", "{44F66CA4-DA7F-4D65-AD5F-D4AAD779FF59}"
EndProject
Project("{FAE04EC0-301F-11D3-BF4B-00C04F79EFBC}") = "15.12.1. Requesting minimum permissions", "15.12.1. Requesting minimum permissions\15.12.1. Requesting minimum permissions.csproj", "{F0253ABF-E894-4612-B637-2DC06308C734}"
EndProject
Project("{FAE04EC0-301F-11D3-BF4B-00C04F79EFBC}") = "15.12.2. Requesting optional permissions", "15.12.2. Requesting optional permissions\15.12.2. Requesting optional permissions.csproj", "{5987ADB9-783D-46B3-BADC-DF3670BCC4AC}"
EndProject
Project("{FAE04EC0-301F-11D3-BF4B-00C04F79EFBC}") = "15.12.3. Requesting a permission set", "15.12.3. Requesting a permission set\15.12.3. Requesting a permission set.csproj", "{0E5F3797-705A-46D4-B0C6-6679FED604A5}"
EndProject
Project("{FAE04EC0-301F-11D3-BF4B-00C04F79EFBC}") = "15.12.4. Refusing permissions", "15.12.4. Refusing permissions\15.12.4. Refusing permissions.csproj", "{932CBF9F-2005-471E-B738-94607A5E9503}"
EndProject
Project("{FAE04EC0-301F-11D3-BF4B-00C04F79EFBC}") = "15.12.5. Demanding permissions", "15.12.5. Demanding permissions\15.12.5. Demanding permissions.csproj", "{399D2A83-D20D-45FC-A6DF-4D58F97A9DD5}"
EndProject
Project("{FAE04EC0-301F-11D3-BF4B-00C04F79EFBC}") = "15.12.6. Permission sets", "15.12.6. Permission sets\15.12.6. Permission sets.csproj", "{90C32484-D1E8-4083-9894-AC80CD877137}"
EndProject
Project("{FAE04EC0-301F-11D3-BF4B-00C04F79EFBC}") = "15.12.7. Declarative Permission demo", "15.12.7. Declarative Permission demo\15.12.7. Declarative Permission demo.csproj", "{F32EF3BA-E285-468F-9C2D-26BC75EE48FB}"
EndProject
Project("{2150E333-8FDC-42A3-9474-1A3956D46DE8}") = "15.13.FileInfo( 6 )", "15.13.FileInfo( 6 )", "{AC379379-25D1-4799-B493-59889833E1E4}"
EndProject
Project("{FAE04EC0-301F-11D3-BF4B-00C04F79EFBC}") = "15.13.1. Open an existing file and return", "15.13.1. Open an existing file and return\15.13.1. Open an existing file and return.csproj", "{0513286B-437B-4881-8AED-2E7F09B37924}"
EndProject
Project("{FAE04EC0-301F-11D3-BF4B-00C04F79EFBC}") = "15.13.2. Create StreamWriter from FileInfo", "15.13.2. Create StreamWriter from FileInfo\15.13.2. Create StreamWriter from FileInfo.csproj", "{04AA1A96-8C99-47AF-A69B-7665923B4E45}"
EndProject
Project("{FAE04EC0-301F-11D3-BF4B-00C04F79EFBC}") = "15.13.3. Create FileStream from FileInfo", "15.13.3. Create FileStream from FileInfo\15.13.3. Create FileStream from FileInfo.csproj", "{F7A4F85B-9B84-46CD-93E7-29F5DA3CB45B}"
EndProject
Project("{FAE04EC0-301F-11D3-BF4B-00C04F79EFBC}") = "15.13.4. Create FileStream", "15.13.4. Create FileStream\15.13.4. Create FileStream.csproj", "{583F8C82-DC16-4B77-9382-C22024D67ADD}"
EndProject
Project("{FAE04EC0-301F-11D3-BF4B-00C04F79EFBC}") = "15.13.5. File Sorter", "15.13.5. File Sorter\15.13.5. File Sorter.csproj", "{09A20D46-2F20-4339-8728-1DAC77F1E42B}"
EndProject
Project("{FAE04EC0-301F-11D3-BF4B-00C04F79EFBC}") = "15.13.6. Show info on image types", "15.13.6. Show info on image types\15.13.6. Show info on image types.csproj", "{D6B90C52-3DDA-40CA-A563-06E2C7EC9B5E}"
EndProject
Project("{2150E333-8FDC-42A3-9474-1A3956D46DE8}") = "15.14.Drive( 4 )", "15.14.Drive( 4 )", "{38F262AA-12E7-412F-A7BB-992D90791AFC}"
EndProject
Project("{FAE04EC0-301F-11D3-BF4B-00C04F79EFBC}") = "15.14.1. List all drives", "15.14.1. List all drives\15.14.1. List all drives.csproj", "{D635AFE3-CD7C-4782-8BE6-8B9280E91F3B}"
EndProject
Project("{FAE04EC0-301F-11D3-BF4B-00C04F79EFBC}") = "15.14.2. Get all logical drives", "15.14.2. Get all logical drives\15.14.2. Get all logical drives.csproj", "{7AE83291-DDD4-41E4-AC35-9268E3F5B617}"
EndProject
Project("{FAE04EC0-301F-11D3-BF4B-00C04F79EFBC}") = "15.14.3. DriveInfo", "15.14.3. DriveInfo\15.14.3. DriveInfo.csproj", "{B0AF3C49-4F23-4780-836D-6887AB1EF12F}"
EndProject
Project("{FAE04EC0-301F-11D3-BF4B-00C04F79EFBC}") = "15.14.4. DriveInfo App", "15.14.4. DriveInfo App\15.14.4. DriveInfo App.csproj", "{892DD5C9-5B7E-4D52-94D3-BE9FC05E8F84}"
EndProject
Global
	GlobalSection(SolutionConfigurationPlatforms) = preSolution
		Debug|Any CPU = Debug|Any CPU
		Release|Any CPU = Release|Any CPU
	EndGlobalSection
	GlobalSection(ProjectConfigurationPlatforms) = postSolution
		{C426DC38-84E9-4F9B-A3AB-29EFC0C919E2}.Debug|Any CPU.ActiveCfg = Debug|Any CPU
		{C426DC38-84E9-4F9B-A3AB-29EFC0C919E2}.Debug|Any CPU.Build.0 = Debug|Any CPU
		{C426DC38-84E9-4F9B-A3AB-29EFC0C919E2}.Release|Any CPU.ActiveCfg = Release|Any CPU
		{C426DC38-84E9-4F9B-A3AB-29EFC0C919E2}.Release|Any CPU.Build.0 = Release|Any CPU
		{A8C86B04-26FE-4828-96C4-F9B4BFCD42AF}.Debug|Any CPU.ActiveCfg = Debug|Any CPU
		{A8C86B04-26FE-4828-96C4-F9B4BFCD42AF}.Debug|Any CPU.Build.0 = Debug|Any CPU
		{A8C86B04-26FE-4828-96C4-F9B4BFCD42AF}.Release|Any CPU.ActiveCfg = Release|Any CPU
		{A8C86B04-26FE-4828-96C4-F9B4BFCD42AF}.Release|Any CPU.Build.0 = Release|Any CPU
		{87EFD25E-E9CB-494D-83E5-17A644CB27BE}.Debug|Any CPU.ActiveCfg = Debug|Any CPU
		{87EFD25E-E9CB-494D-83E5-17A644CB27BE}.Debug|Any CPU.Build.0 = Debug|Any CPU
		{87EFD25E-E9CB-494D-83E5-17A644CB27BE}.Release|Any CPU.ActiveCfg = Release|Any CPU
		{87EFD25E-E9CB-494D-83E5-17A644CB27BE}.Release|Any CPU.Build.0 = Release|Any CPU
		{6C39C65F-227B-4145-9556-19DAB276B048}.Debug|Any CPU.ActiveCfg = Debug|Any CPU
		{6C39C65F-227B-4145-9556-19DAB276B048}.Debug|Any CPU.Build.0 = Debug|Any CPU
		{6C39C65F-227B-4145-9556-19DAB276B048}.Release|Any CPU.ActiveCfg = Release|Any CPU
		{6C39C65F-227B-4145-9556-19DAB276B048}.Release|Any CPU.Build.0 = Release|Any CPU
		{A48CDDB6-22BA-4F27-86F6-1F049D072C53}.Debug|Any CPU.ActiveCfg = Debug|Any CPU
		{A48CDDB6-22BA-4F27-86F6-1F049D072C53}.Debug|Any CPU.Build.0 = Debug|Any CPU
		{A48CDDB6-22BA-4F27-86F6-1F049D072C53}.Release|Any CPU.ActiveCfg = Release|Any CPU
		{A48CDDB6-22BA-4F27-86F6-1F049D072C53}.Release|Any CPU.Build.0 = Release|Any CPU
		{19AA2BF3-7E01-4991-9393-72799098A6DA}.Debug|Any CPU.ActiveCfg = Debug|Any CPU
		{19AA2BF3-7E01-4991-9393-72799098A6DA}.Debug|Any CPU.Build.0 = Debug|Any CPU
		{19AA2BF3-7E01-4991-9393-72799098A6DA}.Release|Any CPU.ActiveCfg = Release|Any CPU
		{19AA2BF3-7E01-4991-9393-72799098A6DA}.Release|Any CPU.Build.0 = Release|Any CPU
		{D9DD3056-0EDA-41B4-B937-57134F605D3E}.Debug|Any CPU.ActiveCfg = Debug|Any CPU
		{D9DD3056-0EDA-41B4-B937-57134F605D3E}.Debug|Any CPU.Build.0 = Debug|Any CPU
		{D9DD3056-0EDA-41B4-B937-57134F605D3E}.Release|Any CPU.ActiveCfg = Release|Any CPU
		{D9DD3056-0EDA-41B4-B937-57134F605D3E}.Release|Any CPU.Build.0 = Release|Any CPU
		{1A2BD9E0-CE92-424F-A5FC-FF5915E720DF}.Debug|Any CPU.ActiveCfg = Debug|Any CPU
		{1A2BD9E0-CE92-424F-A5FC-FF5915E720DF}.Debug|Any CPU.Build.0 = Debug|Any CPU
		{1A2BD9E0-CE92-424F-A5FC-FF5915E720DF}.Release|Any CPU.ActiveCfg = Release|Any CPU
		{1A2BD9E0-CE92-424F-A5FC-FF5915E720DF}.Release|Any CPU.Build.0 = Release|Any CPU
		{99E5BED9-0A57-4F90-8380-4FDF07943CC7}.Debug|Any CPU.ActiveCfg = Debug|Any CPU
		{99E5BED9-0A57-4F90-8380-4FDF07943CC7}.Debug|Any CPU.Build.0 = Debug|Any CPU
		{99E5BED9-0A57-4F90-8380-4FDF07943CC7}.Release|Any CPU.ActiveCfg = Release|Any CPU
		{99E5BED9-0A57-4F90-8380-4FDF07943CC7}.Release|Any CPU.Build.0 = Release|Any CPU
		{B711FBC2-2446-4BBD-B4E6-D00AEB4CF419}.Debug|Any CPU.ActiveCfg = Debug|Any CPU
		{B711FBC2-2446-4BBD-B4E6-D00AEB4CF419}.Debug|Any CPU.Build.0 = Debug|Any CPU
		{B711FBC2-2446-4BBD-B4E6-D00AEB4CF419}.Release|Any CPU.ActiveCfg = Release|Any CPU
		{B711FBC2-2446-4BBD-B4E6-D00AEB4CF419}.Release|Any CPU.Build.0 = Release|Any CPU
		{934CC724-0345-4C35-99B2-2ED0F66BC96F}.Debug|Any CPU.ActiveCfg = Debug|Any CPU
		{934CC724-0345-4C35-99B2-2ED0F66BC96F}.Debug|Any CPU.Build.0 = Debug|Any CPU
		{934CC724-0345-4C35-99B2-2ED0F66BC96F}.Release|Any CPU.ActiveCfg = Release|Any CPU
		{934CC724-0345-4C35-99B2-2ED0F66BC96F}.Release|Any CPU.Build.0 = Release|Any CPU
		{3E3F7A52-A266-4278-90FA-490280D01513}.Debug|Any CPU.ActiveCfg = Debug|Any CPU
		{3E3F7A52-A266-4278-90FA-490280D01513}.Debug|Any CPU.Build.0 = Debug|Any CPU
		{3E3F7A52-A266-4278-90FA-490280D01513}.Release|Any CPU.ActiveCfg = Release|Any CPU
		{3E3F7A52-A266-4278-90FA-490280D01513}.Release|Any CPU.Build.0 = Release|Any CPU
		{26A7BB05-F643-4AE1-B9C8-F1FEB11ED5D7}.Debug|Any CPU.ActiveCfg = Debug|Any CPU
		{26A7BB05-F643-4AE1-B9C8-F1FEB11ED5D7}.Debug|Any CPU.Build.0 = Debug|Any CPU
		{26A7BB05-F643-4AE1-B9C8-F1FEB11ED5D7}.Release|Any CPU.ActiveCfg = Release|Any CPU
		{26A7BB05-F643-4AE1-B9C8-F1FEB11ED5D7}.Release|Any CPU.Build.0 = Release|Any CPU
		{B9DDDDC1-24C5-45B9-986A-02B4B3EA6511}.Debug|Any CPU.ActiveCfg = Debug|Any CPU
		{B9DDDDC1-24C5-45B9-986A-02B4B3EA6511}.Debug|Any CPU.Build.0 = Debug|Any CPU
		{B9DDDDC1-24C5-45B9-986A-02B4B3EA6511}.Release|Any CPU.ActiveCfg = Release|Any CPU
		{B9DDDDC1-24C5-45B9-986A-02B4B3EA6511}.Release|Any CPU.Build.0 = Release|Any CPU
		{51710179-5E80-4F62-88AA-7E256F5DE025}.Debug|Any CPU.ActiveCfg = Debug|Any CPU
		{51710179-5E80-4F62-88AA-7E256F5DE025}.Debug|Any CPU.Build.0 = Debug|Any CPU
		{51710179-5E80-4F62-88AA-7E256F5DE025}.Release|Any CPU.ActiveCfg = Release|Any CPU
		{51710179-5E80-4F62-88AA-7E256F5DE025}.Release|Any CPU.Build.0 = Release|Any CPU
		{E7B31074-951E-4A79-9E82-222DED8CA78A}.Debug|Any CPU.ActiveCfg = Debug|Any CPU
		{E7B31074-951E-4A79-9E82-222DED8CA78A}.Debug|Any CPU.Build.0 = Debug|Any CPU
		{E7B31074-951E-4A79-9E82-222DED8CA78A}.Release|Any CPU.ActiveCfg = Release|Any CPU
		{E7B31074-951E-4A79-9E82-222DED8CA78A}.Release|Any CPU.Build.0 = Release|Any CPU
		{CF0FE1EA-445A-427D-B8B9-58DE38B23097}.Debug|Any CPU.ActiveCfg = Debug|Any CPU
		{CF0FE1EA-445A-427D-B8B9-58DE38B23097}.Debug|Any CPU.Build.0 = Debug|Any CPU
		{CF0FE1EA-445A-427D-B8B9-58DE38B23097}.Release|Any CPU.ActiveCfg = Release|Any CPU
		{CF0FE1EA-445A-427D-B8B9-58DE38B23097}.Release|Any CPU.Build.0 = Release|Any CPU
		{06BE32B6-B00C-40D8-8A8E-402B79939A15}.Debug|Any CPU.ActiveCfg = Debug|Any CPU
		{06BE32B6-B00C-40D8-8A8E-402B79939A15}.Debug|Any CPU.Build.0 = Debug|Any CPU
		{06BE32B6-B00C-40D8-8A8E-402B79939A15}.Release|Any CPU.ActiveCfg = Release|Any CPU
		{06BE32B6-B00C-40D8-8A8E-402B79939A15}.Release|Any CPU.Build.0 = Release|Any CPU
		{3585B7BB-8686-4715-A766-9FBFAE5B9F7E}.Debug|Any CPU.ActiveCfg = Debug|Any CPU
		{3585B7BB-8686-4715-A766-9FBFAE5B9F7E}.Debug|Any CPU.Build.0 = Debug|Any CPU
		{3585B7BB-8686-4715-A766-9FBFAE5B9F7E}.Release|Any CPU.ActiveCfg = Release|Any CPU
		{3585B7BB-8686-4715-A766-9FBFAE5B9F7E}.Release|Any CPU.Build.0 = Release|Any CPU
		{A0456070-A589-4AE1-B94B-503AA2255F5D}.Debug|Any CPU.ActiveCfg = Debug|Any CPU
		{A0456070-A589-4AE1-B94B-503AA2255F5D}.Debug|Any CPU.Build.0 = Debug|Any CPU
		{A0456070-A589-4AE1-B94B-503AA2255F5D}.Release|Any CPU.ActiveCfg = Release|Any CPU
		{A0456070-A589-4AE1-B94B-503AA2255F5D}.Release|Any CPU.Build.0 = Release|Any CPU
		{C61ED147-DCBF-4080-B58E-F736186CF75D}.Debug|Any CPU.ActiveCfg = Debug|Any CPU
		{C61ED147-DCBF-4080-B58E-F736186CF75D}.Debug|Any CPU.Build.0 = Debug|Any CPU
		{C61ED147-DCBF-4080-B58E-F736186CF75D}.Release|Any CPU.ActiveCfg = Release|Any CPU
		{C61ED147-DCBF-4080-B58E-F736186CF75D}.Release|Any CPU.Build.0 = Release|Any CPU
		{04DA76B6-6BE4-4D7A-BEB7-F7201907E280}.Debug|Any CPU.ActiveCfg = Debug|Any CPU
		{04DA76B6-6BE4-4D7A-BEB7-F7201907E280}.Debug|Any CPU.Build.0 = Debug|Any CPU
		{04DA76B6-6BE4-4D7A-BEB7-F7201907E280}.Release|Any CPU.ActiveCfg = Release|Any CPU
		{04DA76B6-6BE4-4D7A-BEB7-F7201907E280}.Release|Any CPU.Build.0 = Release|Any CPU
		{9A77480D-CAF9-4BFF-B0D7-EDEEE90B8EB0}.Debug|Any CPU.ActiveCfg = Debug|Any CPU
		{9A77480D-CAF9-4BFF-B0D7-EDEEE90B8EB0}.Debug|Any CPU.Build.0 = Debug|Any CPU
		{9A77480D-CAF9-4BFF-B0D7-EDEEE90B8EB0}.Release|Any CPU.ActiveCfg = Release|Any CPU
		{9A77480D-CAF9-4BFF-B0D7-EDEEE90B8EB0}.Release|Any CPU.Build.0 = Release|Any CPU
		{7F9D7B8F-B40E-48A6-A7C7-16370CA71C3F}.Debug|Any CPU.ActiveCfg = Debug|Any CPU
		{7F9D7B8F-B40E-48A6-A7C7-16370CA71C3F}.Debug|Any CPU.Build.0 = Debug|Any CPU
		{7F9D7B8F-B40E-48A6-A7C7-16370CA71C3F}.Release|Any CPU.ActiveCfg = Release|Any CPU
		{7F9D7B8F-B40E-48A6-A7C7-16370CA71C3F}.Release|Any CPU.Build.0 = Release|Any CPU
		{5C0FF361-CEC2-4D12-868C-6CED016CBF7A}.Debug|Any CPU.ActiveCfg = Debug|Any CPU
		{5C0FF361-CEC2-4D12-868C-6CED016CBF7A}.Debug|Any CPU.Build.0 = Debug|Any CPU
		{5C0FF361-CEC2-4D12-868C-6CED016CBF7A}.Release|Any CPU.ActiveCfg = Release|Any CPU
		{5C0FF361-CEC2-4D12-868C-6CED016CBF7A}.Release|Any CPU.Build.0 = Release|Any CPU
		{7379D7F7-00E3-4078-AAF2-09ABD2846C59}.Debug|Any CPU.ActiveCfg = Debug|Any CPU
		{7379D7F7-00E3-4078-AAF2-09ABD2846C59}.Debug|Any CPU.Build.0 = Debug|Any CPU
		{7379D7F7-00E3-4078-AAF2-09ABD2846C59}.Release|Any CPU.ActiveCfg = Release|Any CPU
		{7379D7F7-00E3-4078-AAF2-09ABD2846C59}.Release|Any CPU.Build.0 = Release|Any CPU
		{5121D6FE-749A-4119-AB92-38AEADDC3EE7}.Debug|Any CPU.ActiveCfg = Debug|Any CPU
		{5121D6FE-749A-4119-AB92-38AEADDC3EE7}.Debug|Any CPU.Build.0 = Debug|Any CPU
		{5121D6FE-749A-4119-AB92-38AEADDC3EE7}.Release|Any CPU.ActiveCfg = Release|Any CPU
		{5121D6FE-749A-4119-AB92-38AEADDC3EE7}.Release|Any CPU.Build.0 = Release|Any CPU
		{95AFF411-634D-436A-8D92-F6E8B23BAE53}.Debug|Any CPU.ActiveCfg = Debug|Any CPU
		{95AFF411-634D-436A-8D92-F6E8B23BAE53}.Debug|Any CPU.Build.0 = Debug|Any CPU
		{95AFF411-634D-436A-8D92-F6E8B23BAE53}.Release|Any CPU.ActiveCfg = Release|Any CPU
		{95AFF411-634D-436A-8D92-F6E8B23BAE53}.Release|Any CPU.Build.0 = Release|Any CPU
		{36350C4E-52B3-4D53-A787-A5AD00529E35}.Debug|Any CPU.ActiveCfg = Debug|Any CPU
		{36350C4E-52B3-4D53-A787-A5AD00529E35}.Debug|Any CPU.Build.0 = Debug|Any CPU
		{36350C4E-52B3-4D53-A787-A5AD00529E35}.Release|Any CPU.ActiveCfg = Release|Any CPU
		{36350C4E-52B3-4D53-A787-A5AD00529E35}.Release|Any CPU.Build.0 = Release|Any CPU
		{EEE4EE09-9F3D-4937-9323-D9CFF0FE7A07}.Debug|Any CPU.ActiveCfg = Debug|Any CPU
		{EEE4EE09-9F3D-4937-9323-D9CFF0FE7A07}.Debug|Any CPU.Build.0 = Debug|Any CPU
		{EEE4EE09-9F3D-4937-9323-D9CFF0FE7A07}.Release|Any CPU.ActiveCfg = Release|Any CPU
		{EEE4EE09-9F3D-4937-9323-D9CFF0FE7A07}.Release|Any CPU.Build.0 = Release|Any CPU
		{A7EE6A44-953E-4FFC-A6F2-90AFBBFF1958}.Debug|Any CPU.ActiveCfg = Debug|Any CPU
		{A7EE6A44-953E-4FFC-A6F2-90AFBBFF1958}.Debug|Any CPU.Build.0 = Debug|Any CPU
		{A7EE6A44-953E-4FFC-A6F2-90AFBBFF1958}.Release|Any CPU.ActiveCfg = Release|Any CPU
		{A7EE6A44-953E-4FFC-A6F2-90AFBBFF1958}.Release|Any CPU.Build.0 = Release|Any CPU
		{2B3365B9-BFB5-4FED-9BCC-3F77D7FA46A1}.Debug|Any CPU.ActiveCfg = Debug|Any CPU
		{2B3365B9-BFB5-4FED-9BCC-3F77D7FA46A1}.Debug|Any CPU.Build.0 = Debug|Any CPU
		{2B3365B9-BFB5-4FED-9BCC-3F77D7FA46A1}.Release|Any CPU.ActiveCfg = Release|Any CPU
		{2B3365B9-BFB5-4FED-9BCC-3F77D7FA46A1}.Release|Any CPU.Build.0 = Release|Any CPU
		{F16F488F-3949-48CD-86A6-C7BB47CC291A}.Debug|Any CPU.ActiveCfg = Debug|Any CPU
		{F16F488F-3949-48CD-86A6-C7BB47CC291A}.Debug|Any CPU.Build.0 = Debug|Any CPU
		{F16F488F-3949-48CD-86A6-C7BB47CC291A}.Release|Any CPU.ActiveCfg = Release|Any CPU
		{F16F488F-3949-48CD-86A6-C7BB47CC291A}.Release|Any CPU.Build.0 = Release|Any CPU
		{F0253ABF-E894-4612-B637-2DC06308C734}.Debug|Any CPU.ActiveCfg = Debug|Any CPU
		{F0253ABF-E894-4612-B637-2DC06308C734}.Debug|Any CPU.Build.0 = Debug|Any CPU
		{F0253ABF-E894-4612-B637-2DC06308C734}.Release|Any CPU.ActiveCfg = Release|Any CPU
		{F0253ABF-E894-4612-B637-2DC06308C734}.Release|Any CPU.Build.0 = Release|Any CPU
		{5987ADB9-783D-46B3-BADC-DF3670BCC4AC}.Debug|Any CPU.ActiveCfg = Debug|Any CPU
		{5987ADB9-783D-46B3-BADC-DF3670BCC4AC}.Debug|Any CPU.Build.0 = Debug|Any CPU
		{5987ADB9-783D-46B3-BADC-DF3670BCC4AC}.Release|Any CPU.ActiveCfg = Release|Any CPU
		{5987ADB9-783D-46B3-BADC-DF3670BCC4AC}.Release|Any CPU.Build.0 = Release|Any CPU
		{0E5F3797-705A-46D4-B0C6-6679FED604A5}.Debug|Any CPU.ActiveCfg = Debug|Any CPU
		{0E5F3797-705A-46D4-B0C6-6679FED604A5}.Debug|Any CPU.Build.0 = Debug|Any CPU
		{0E5F3797-705A-46D4-B0C6-6679FED604A5}.Release|Any CPU.ActiveCfg = Release|Any CPU
		{0E5F3797-705A-46D4-B0C6-6679FED604A5}.Release|Any CPU.Build.0 = Release|Any CPU
		{932CBF9F-2005-471E-B738-94607A5E9503}.Debug|Any CPU.ActiveCfg = Debug|Any CPU
		{932CBF9F-2005-471E-B738-94607A5E9503}.Debug|Any CPU.Build.0 = Debug|Any CPU
		{932CBF9F-2005-471E-B738-94607A5E9503}.Release|Any CPU.ActiveCfg = Release|Any CPU
		{932CBF9F-2005-471E-B738-94607A5E9503}.Release|Any CPU.Build.0 = Release|Any CPU
		{399D2A83-D20D-45FC-A6DF-4D58F97A9DD5}.Debug|Any CPU.ActiveCfg = Debug|Any CPU
		{399D2A83-D20D-45FC-A6DF-4D58F97A9DD5}.Debug|Any CPU.Build.0 = Debug|Any CPU
		{399D2A83-D20D-45FC-A6DF-4D58F97A9DD5}.Release|Any CPU.ActiveCfg = Release|Any CPU
		{399D2A83-D20D-45FC-A6DF-4D58F97A9DD5}.Release|Any CPU.Build.0 = Release|Any CPU
		{90C32484-D1E8-4083-9894-AC80CD877137}.Debug|Any CPU.ActiveCfg = Debug|Any CPU
		{90C32484-D1E8-4083-9894-AC80CD877137}.Debug|Any CPU.Build.0 = Debug|Any CPU
		{90C32484-D1E8-4083-9894-AC80CD877137}.Release|Any CPU.ActiveCfg = Release|Any CPU
		{90C32484-D1E8-4083-9894-AC80CD877137}.Release|Any CPU.Build.0 = Release|Any CPU
		{F32EF3BA-E285-468F-9C2D-26BC75EE48FB}.Debug|Any CPU.ActiveCfg = Debug|Any CPU
		{F32EF3BA-E285-468F-9C2D-26BC75EE48FB}.Debug|Any CPU.Build.0 = Debug|Any CPU
		{F32EF3BA-E285-468F-9C2D-26BC75EE48FB}.Release|Any CPU.ActiveCfg = Release|Any CPU
		{F32EF3BA-E285-468F-9C2D-26BC75EE48FB}.Release|Any CPU.Build.0 = Release|Any CPU
		{0513286B-437B-4881-8AED-2E7F09B37924}.Debug|Any CPU.ActiveCfg = Debug|Any CPU
		{0513286B-437B-4881-8AED-2E7F09B37924}.Debug|Any CPU.Build.0 = Debug|Any CPU
		{0513286B-437B-4881-8AED-2E7F09B37924}.Release|Any CPU.ActiveCfg = Release|Any CPU
		{0513286B-437B-4881-8AED-2E7F09B37924}.Release|Any CPU.Build.0 = Release|Any CPU
		{04AA1A96-8C99-47AF-A69B-7665923B4E45}.Debug|Any CPU.ActiveCfg = Debug|Any CPU
		{04AA1A96-8C99-47AF-A69B-7665923B4E45}.Debug|Any CPU.Build.0 = Debug|Any CPU
		{04AA1A96-8C99-47AF-A69B-7665923B4E45}.Release|Any CPU.ActiveCfg = Release|Any CPU
		{04AA1A96-8C99-47AF-A69B-7665923B4E45}.Release|Any CPU.Build.0 = Release|Any CPU
		{F7A4F85B-9B84-46CD-93E7-29F5DA3CB45B}.Debug|Any CPU.ActiveCfg = Debug|Any CPU
		{F7A4F85B-9B84-46CD-93E7-29F5DA3CB45B}.Debug|Any CPU.Build.0 = Debug|Any CPU
		{F7A4F85B-9B84-46CD-93E7-29F5DA3CB45B}.Release|Any CPU.ActiveCfg = Release|Any CPU
		{F7A4F85B-9B84-46CD-93E7-29F5DA3CB45B}.Release|Any CPU.Build.0 = Release|Any CPU
		{583F8C82-DC16-4B77-9382-C22024D67ADD}.Debug|Any CPU.ActiveCfg = Debug|Any CPU
		{583F8C82-DC16-4B77-9382-C22024D67ADD}.Debug|Any CPU.Build.0 = Debug|Any CPU
		{583F8C82-DC16-4B77-9382-C22024D67ADD}.Release|Any CPU.ActiveCfg = Release|Any CPU
		{583F8C82-DC16-4B77-9382-C22024D67ADD}.Release|Any CPU.Build.0 = Release|Any CPU
		{09A20D46-2F20-4339-8728-1DAC77F1E42B}.Debug|Any CPU.ActiveCfg = Debug|Any CPU
		{09A20D46-2F20-4339-8728-1DAC77F1E42B}.Debug|Any CPU.Build.0 = Debug|Any CPU
		{09A20D46-2F20-4339-8728-1DAC77F1E42B}.Release|Any CPU.ActiveCfg = Release|Any CPU
		{09A20D46-2F20-4339-8728-1DAC77F1E42B}.Release|Any CPU.Build.0 = Release|Any CPU
		{D6B90C52-3DDA-40CA-A563-06E2C7EC9B5E}.Debug|Any CPU.ActiveCfg = Debug|Any CPU
		{D6B90C52-3DDA-40CA-A563-06E2C7EC9B5E}.Debug|Any CPU.Build.0 = Debug|Any CPU
		{D6B90C52-3DDA-40CA-A563-06E2C7EC9B5E}.Release|Any CPU.ActiveCfg = Release|Any CPU
		{D6B90C52-3DDA-40CA-A563-06E2C7EC9B5E}.Release|Any CPU.Build.0 = Release|Any CPU
		{D635AFE3-CD7C-4782-8BE6-8B9280E91F3B}.Debug|Any CPU.ActiveCfg = Debug|Any CPU
		{D635AFE3-CD7C-4782-8BE6-8B9280E91F3B}.Debug|Any CPU.Build.0 = Debug|Any CPU
		{D635AFE3-CD7C-4782-8BE6-8B9280E91F3B}.Release|Any CPU.ActiveCfg = Release|Any CPU
		{D635AFE3-CD7C-4782-8BE6-8B9280E91F3B}.Release|Any CPU.Build.0 = Release|Any CPU
		{7AE83291-DDD4-41E4-AC35-9268E3F5B617}.Debug|Any CPU.ActiveCfg = Debug|Any CPU
		{7AE83291-DDD4-41E4-AC35-9268E3F5B617}.Debug|Any CPU.Build.0 = Debug|Any CPU
		{7AE83291-DDD4-41E4-AC35-9268E3F5B617}.Release|Any CPU.ActiveCfg = Release|Any CPU
		{7AE83291-DDD4-41E4-AC35-9268E3F5B617}.Release|Any CPU.Build.0 = Release|Any CPU
		{B0AF3C49-4F23-4780-836D-6887AB1EF12F}.Debug|Any CPU.ActiveCfg = Debug|Any CPU
		{B0AF3C49-4F23-4780-836D-6887AB1EF12F}.Debug|Any CPU.Build.0 = Debug|Any CPU
		{B0AF3C49-4F23-4780-836D-6887AB1EF12F}.Release|Any CPU.ActiveCfg = Release|Any CPU
		{B0AF3C49-4F23-4780-836D-6887AB1EF12F}.Release|Any CPU.Build.0 = Release|Any CPU
		{892DD5C9-5B7E-4D52-94D3-BE9FC05E8F84}.Debug|Any CPU.ActiveCfg = Debug|Any CPU
		{892DD5C9-5B7E-4D52-94D3-BE9FC05E8F84}.Debug|Any CPU.Build.0 = Debug|Any CPU
		{892DD5C9-5B7E-4D52-94D3-BE9FC05E8F84}.Release|Any CPU.ActiveCfg = Release|Any CPU
		{892DD5C9-5B7E-4D52-94D3-BE9FC05E8F84}.Release|Any CPU.Build.0 = Release|Any CPU
	EndGlobalSection
	GlobalSection(SolutionProperties) = preSolution
		HideSolutionNode = FALSE
	EndGlobalSection
	GlobalSection(NestedProjects) = preSolution
		{C426DC38-84E9-4F9B-A3AB-29EFC0C919E2} = {F2CFD281-F462-46F3-BE10-DDD44B562ECF}
		{A8C86B04-26FE-4828-96C4-F9B4BFCD42AF} = {F2CFD281-F462-46F3-BE10-DDD44B562ECF}
		{87EFD25E-E9CB-494D-83E5-17A644CB27BE} = {33B54641-AB9A-4DEC-9F4C-6FEA46E60628}
		{6C39C65F-227B-4145-9556-19DAB276B048} = {F2CFD281-F462-46F3-BE10-DDD44B562ECF}
		{A48CDDB6-22BA-4F27-86F6-1F049D072C53} = {F2CFD281-F462-46F3-BE10-DDD44B562ECF}
		{19AA2BF3-7E01-4991-9393-72799098A6DA} = {F2CFD281-F462-46F3-BE10-DDD44B562ECF}
		{D9DD3056-0EDA-41B4-B937-57134F605D3E} = {DD1A787D-B1A1-499F-9D93-4A65405D0D57}
		{1A2BD9E0-CE92-424F-A5FC-FF5915E720DF} = {DD1A787D-B1A1-499F-9D93-4A65405D0D57}
		{99E5BED9-0A57-4F90-8380-4FDF07943CC7} = {DD1A787D-B1A1-499F-9D93-4A65405D0D57}
		{B711FBC2-2446-4BBD-B4E6-D00AEB4CF419} = {B4D48E3E-1133-4320-8E28-A8215B3002F0}
		{934CC724-0345-4C35-99B2-2ED0F66BC96F} = {07D93309-8C36-4F69-B44E-028D22147605}
		{3E3F7A52-A266-4278-90FA-490280D01513} = {07D93309-8C36-4F69-B44E-028D22147605}
		{26A7BB05-F643-4AE1-B9C8-F1FEB11ED5D7} = {07D93309-8C36-4F69-B44E-028D22147605}
		{B9DDDDC1-24C5-45B9-986A-02B4B3EA6511} = {6ED8E1B6-7B58-4180-A538-DC28C053DB62}
		{51710179-5E80-4F62-88AA-7E256F5DE025} = {B239C032-5DF3-4D2B-9C45-CA417411AC80}
		{E7B31074-951E-4A79-9E82-222DED8CA78A} = {7FBDF70D-EC17-484F-B3BF-1395269890B9}
		{CF0FE1EA-445A-427D-B8B9-58DE38B23097} = {7FBDF70D-EC17-484F-B3BF-1395269890B9}
		{06BE32B6-B00C-40D8-8A8E-402B79939A15} = {7FBDF70D-EC17-484F-B3BF-1395269890B9}
		{3585B7BB-8686-4715-A766-9FBFAE5B9F7E} = {6B9A522D-B3A6-4EBF-B525-250DF345DB55}
		{A0456070-A589-4AE1-B94B-503AA2255F5D} = {6B9A522D-B3A6-4EBF-B525-250DF345DB55}
		{C61ED147-DCBF-4080-B58E-F736186CF75D} = {6B9A522D-B3A6-4EBF-B525-250DF345DB55}
		{04DA76B6-6BE4-4D7A-BEB7-F7201907E280} = {6B9A522D-B3A6-4EBF-B525-250DF345DB55}
		{9A77480D-CAF9-4BFF-B0D7-EDEEE90B8EB0} = {6B9A522D-B3A6-4EBF-B525-250DF345DB55}
		{7F9D7B8F-B40E-48A6-A7C7-16370CA71C3F} = {6B9A522D-B3A6-4EBF-B525-250DF345DB55}
		{5C0FF361-CEC2-4D12-868C-6CED016CBF7A} = {3318449C-D2EC-4863-8202-9C58B656BDFB}
		{7379D7F7-00E3-4078-AAF2-09ABD2846C59} = {3318449C-D2EC-4863-8202-9C58B656BDFB}
		{5121D6FE-749A-4119-AB92-38AEADDC3EE7} = {3318449C-D2EC-4863-8202-9C58B656BDFB}
		{95AFF411-634D-436A-8D92-F6E8B23BAE53} = {90D35F85-A22A-4C4E-8DE4-D3B2FA2518C0}
		{36350C4E-52B3-4D53-A787-A5AD00529E35} = {90D35F85-A22A-4C4E-8DE4-D3B2FA2518C0}
		{EEE4EE09-9F3D-4937-9323-D9CFF0FE7A07} = {90D35F85-A22A-4C4E-8DE4-D3B2FA2518C0}
		{A7EE6A44-953E-4FFC-A6F2-90AFBBFF1958} = {C95458F8-6B26-456A-BB57-B57968CC4563}
		{2B3365B9-BFB5-4FED-9BCC-3F77D7FA46A1} = {C95458F8-6B26-456A-BB57-B57968CC4563}
		{F16F488F-3949-48CD-86A6-C7BB47CC291A} = {C95458F8-6B26-456A-BB57-B57968CC4563}
		{F0253ABF-E894-4612-B637-2DC06308C734} = {44F66CA4-DA7F-4D65-AD5F-D4AAD779FF59}
		{5987ADB9-783D-46B3-BADC-DF3670BCC4AC} = {44F66CA4-DA7F-4D65-AD5F-D4AAD779FF59}
		{0E5F3797-705A-46D4-B0C6-6679FED604A5} = {44F66CA4-DA7F-4D65-AD5F-D4AAD779FF59}
		{932CBF9F-2005-471E-B738-94607A5E9503} = {44F66CA4-DA7F-4D65-AD5F-D4AAD779FF59}
		{399D2A83-D20D-45FC-A6DF-4D58F97A9DD5} = {44F66CA4-DA7F-4D65-AD5F-D4AAD779FF59}
		{90C32484-D1E8-4083-9894-AC80CD877137} = {44F66CA4-DA7F-4D65-AD5F-D4AAD779FF59}
		{F32EF3BA-E285-468F-9C2D-26BC75EE48FB} = {44F66CA4-DA7F-4D65-AD5F-D4AAD779FF59}
		{0513286B-437B-4881-8AED-2E7F09B37924} = {AC379379-25D1-4799-B493-59889833E1E4}
		{04AA1A96-8C99-47AF-A69B-7665923B4E45} = {AC379379-25D1-4799-B493-59889833E1E4}
		{F7A4F85B-9B84-46CD-93E7-29F5DA3CB45B} = {AC379379-25D1-4799-B493-59889833E1E4}
		{583F8C82-DC16-4B77-9382-C22024D67ADD} = {AC379379-25D1-4799-B493-59889833E1E4}
		{09A20D46-2F20-4339-8728-1DAC77F1E42B} = {AC379379-25D1-4799-B493-59889833E1E4}
		{D6B90C52-3DDA-40CA-A563-06E2C7EC9B5E} = {AC379379-25D1-4799-B493-59889833E1E4}
		{D635AFE3-CD7C-4782-8BE6-8B9280E91F3B} = {38F262AA-12E7-412F-A7BB-992D90791AFC}
		{7AE83291-DDD4-41E4-AC35-9268E3F5B617} = {38F262AA-12E7-412F-A7BB-992D90791AFC}
		{B0AF3C49-4F23-4780-836D-6887AB1EF12F} = {38F262AA-12E7-412F-A7BB-992D90791AFC}
		{892DD5C9-5B7E-4D52-94D3-BE9FC05E8F84} = {38F262AA-12E7-412F-A7BB-992D90791AFC}
	EndGlobalSection
	GlobalSection(ExtensibilityGlobals) = postSolution
		SolutionGuid = {8B096D2A-C442-445F-BF54-A2FF58C812C6}
	EndGlobalSection
EndGlobal
