
Microsoft Visual Studio Solution File, Format Version 12.00
# Visual Studio 15
VisualStudioVersion = 15.0.27130.2010
MinimumVisualStudioVersion = 10.0.40219.1
Project("{2150E333-8FDC-42A3-9474-1A3956D46DE8}") = "15.1.File", "15.1.File", "{F2CFD281-F462-46F3-BE10-DDD44B562ECF}"
	ProjectSection(SolutionItems) = preProject
		15.1.1. Key Members of the System.IO Namespace.cs = 15.1.1. Key Members of the System.IO Namespace.cs
	EndProjectSection
EndProject
Project("{FAE04EC0-301F-11D3-BF4B-00C04F79EFBC}") = "15.1.2. GetCreationTime and GetLastAccessTime", "15.1.2.GetCreationTime and GetLastAccessTime\15.1.2. GetCreationTime and GetLastAccessTime.csproj", "{C426DC38-84E9-4F9B-A3AB-29EFC0C919E2}"
EndProject
Project("{FAE04EC0-301F-11D3-BF4B-00C04F79EFBC}") = "15.1.3. Create the FileInfo class", "15.1.3. Create the FileInfo class\15.1.3. Create the FileInfo class.csproj", "{A8C86B04-26FE-4828-96C4-F9B4BFCD42AF}"
EndProject
Project("{2150E333-8FDC-42A3-9474-1A3956D46DE8}") = "MSDN", "MSDN", "{33B54641-AB9A-4DEC-9F4C-6FEA46E60628}"
EndProject
Project("{FAE04EC0-301F-11D3-BF4B-00C04F79EFBC}") = "FileInfo Class", "FileInfo Class\FileInfo Class.csproj", "{87EFD25E-E9CB-494D-83E5-17A644CB27BE}"
EndProject
Project("{FAE04EC0-301F-11D3-BF4B-00C04F79EFBC}") = "15.1.4. File.Exists", "15.1.4. File.Exists\15.1.4. File.Exists.csproj", "{6C39C65F-227B-4145-9556-19DAB276B048}"
EndProject
Project("{FAE04EC0-301F-11D3-BF4B-00C04F79EFBC}") = "15.1.5. File.ReadAllLines", "15.1.5. File.ReadAllLines\15.1.5. File.ReadAllLines.csproj", "{A48CDDB6-22BA-4F27-86F6-1F049D072C53}"
EndProject
Project("{2150E333-8FDC-42A3-9474-1A3956D46DE8}") = "Solution Items", "Solution Items", "{63CA4EF8-18CA-4B8F-9169-80A826B5704B}"
	ProjectSection(SolutionItems) = preProject
		Readme.md = Readme.md
	EndProjectSection
EndProject
Project("{FAE04EC0-301F-11D3-BF4B-00C04F79EFBC}") = "15.1.6. File.WriteAllLines", "15.1.6. File.WriteAllLines\15.1.6. File.WriteAllLines.csproj", "{19AA2BF3-7E01-4991-9393-72799098A6DA}"
EndProject
Project("{2150E333-8FDC-42A3-9474-1A3956D46DE8}") = "15.2.File Create( 3 )", "15.2.File Create( 3 )", "{DD1A787D-B1A1-499F-9D93-4A65405D0D57}"
EndProject
Project("{FAE04EC0-301F-11D3-BF4B-00C04F79EFBC}") = "15.2.1. Creating Files", "15.2.1. Creating Files\15.2.1. Creating Files.csproj", "{D9DD3056-0EDA-41B4-B937-57134F605D3E}"
EndProject
Project("{FAE04EC0-301F-11D3-BF4B-00C04F79EFBC}") = "15.2.2. Full name and Attributes", "15.2.2. Full name and Attributes\15.2.2. Full name and Attributes.csproj", "{1A2BD9E0-CE92-424F-A5FC-FF5915E720DF}"
EndProject
Project("{FAE04EC0-301F-11D3-BF4B-00C04F79EFBC}") = "15.2.3. Create text file using File.CreateText", "15.2.3. Create text file using File.CreateText\15.2.3. Create text file using File.CreateText.csproj", "{99E5BED9-0A57-4F90-8380-4FDF07943CC7}"
EndProject
Project("{2150E333-8FDC-42A3-9474-1A3956D46DE8}") = "15.3.File Delete( 1 )", "15.3.File Delete( 1 )", "{B4D48E3E-1133-4320-8E28-A8215B3002F0}"
EndProject
Project("{FAE04EC0-301F-11D3-BF4B-00C04F79EFBC}") = "15.3.1. Deleting Files", "15.3.1. Deleting Files\15.3.1. Deleting Files.csproj", "{B711FBC2-2446-4BBD-B4E6-D00AEB4CF419}"
EndProject
Project("{2150E333-8FDC-42A3-9474-1A3956D46DE8}") = "15.4.File Copy( 3 )", "15.4.File Copy( 3 )", "{07D93309-8C36-4F69-B44E-028D22147605}"
EndProject
Project("{FAE04EC0-301F-11D3-BF4B-00C04F79EFBC}") = "15.4.1. Copy a file", "15.4.1. Copy a file\15.4.1. Copy a file.csproj", "{934CC724-0345-4C35-99B2-2ED0F66BC96F}"
EndProject
Project("{FAE04EC0-301F-11D3-BF4B-00C04F79EFBC}") = "15.4.2. Writing data", "15.4.2. Writing data\15.4.2. Writing data.csproj", "{3E3F7A52-A266-4278-90FA-490280D01513}"
EndProject
Project("{FAE04EC0-301F-11D3-BF4B-00C04F79EFBC}") = "15.4.3. Copying A File by using FileInfo", "15.4.3. Copying A File by using FileInfo\15.4.3. Copying A File by using FileInfo.csproj", "{26A7BB05-F643-4AE1-B9C8-F1FEB11ED5D7}"
EndProject
Project("{2150E333-8FDC-42A3-9474-1A3956D46DE8}") = "15.5.File Move( 1 )", "15.5.File Move( 1 )", "{6ED8E1B6-7B58-4180-A538-DC28C053DB62}"
EndProject
Project("{FAE04EC0-301F-11D3-BF4B-00C04F79EFBC}") = "15.5.1. Moving a file", "15.5.1. Moving a file\15.5.1. Moving a file.csproj", "{B9DDDDC1-24C5-45B9-986A-02B4B3EA6511}"
EndProject
Project("{2150E333-8FDC-42A3-9474-1A3956D46DE8}") = "15.6.File Compare( 1 )", "15.6.File Compare( 1 )", "{B239C032-5DF3-4D2B-9C45-CA417411AC80}"
EndProject
Project("{FAE04EC0-301F-11D3-BF4B-00C04F79EFBC}") = "15.6.1. Compare hash bytes of two files", "15.6.1. Compare hash bytes of two files\15.6.1. Compare hash bytes of two files.csproj", "{51710179-5E80-4F62-88AA-7E256F5DE025}"
EndProject
Project("{2150E333-8FDC-42A3-9474-1A3956D46DE8}") = "15.7.File Attribute( 3 )", "15.7.File Attribute( 3 )", "{7FBDF70D-EC17-484F-B3BF-1395269890B9}"
EndProject
Project("{FAE04EC0-301F-11D3-BF4B-00C04F79EFBC}") = "15.7.1. FileAttributes.ReadOnly", "15.7.1. FileAttributes.ReadOnly\15.7.1. FileAttributes.ReadOnly.csproj", "{E7B31074-951E-4A79-9E82-222DED8CA78A}"
EndProject
Project("{FAE04EC0-301F-11D3-BF4B-00C04F79EFBC}") = "15.7.2. FileAttributes enumeration", "15.7.2. FileAttributes enumeration\15.7.2. FileAttributes enumeration.csproj", "{CF0FE1EA-445A-427D-B8B9-58DE38B23097}"
EndProject
Project("{FAE04EC0-301F-11D3-BF4B-00C04F79EFBC}") = "15.7.3. Change file attribute", "15.7.3. Change file attribute\15.7.3. Change file attribute.csproj", "{06BE32B6-B00C-40D8-8A8E-402B79939A15}"
EndProject
Project("{2150E333-8FDC-42A3-9474-1A3956D46DE8}") = "15.9.File Access Mode( 6 )", "15.9.File Access Mode( 6 )", "{6B9A522D-B3A6-4EBF-B525-250DF345DB55}"
EndProject
Project("{FAE04EC0-301F-11D3-BF4B-00C04F79EFBC}") = "15.9.1. FileStream is opened", "15.9.1. FileStream is opened\15.9.1. FileStream is opened.csproj", "{3585B7BB-8686-4715-A766-9FBFAE5B9F7E}"
EndProject
Project("{FAE04EC0-301F-11D3-BF4B-00C04F79EFBC}") = "15.9.2. FileStream is opened", "15.9.2. FileStream is opened\15.9.2. FileStream is opened.csproj", "{A0456070-A589-4AE1-B94B-503AA2255F5D}"
EndProject
Project("{FAE04EC0-301F-11D3-BF4B-00C04F79EFBC}") = "15.9.3. FileStream is opened", "15.9.3. FileStream is opened\15.9.3. FileStream is opened.csproj", "{C61ED147-DCBF-4080-B58E-F736186CF75D}"
EndProject
Project("{FAE04EC0-301F-11D3-BF4B-00C04F79EFBC}") = "15.9.4. Use FileStream", "15.9.4. Use FileStream\15.9.4. Use FileStream.csproj", "{04DA76B6-6BE4-4D7A-BEB7-F7201907E280}"
EndProject
Project("{FAE04EC0-301F-11D3-BF4B-00C04F79EFBC}") = "15.9.5. Creates a file", "15.9.5. Creates a file\15.9.5. Creates a file.csproj", "{9A77480D-CAF9-4BFF-B0D7-EDEEE90B8EB0}"
EndProject
Project("{FAE04EC0-301F-11D3-BF4B-00C04F79EFBC}") = "15.9.6. Create FileStream from FileInfo", "15.9.6. Create FileStream from FileInfo\15.9.6. Create FileStream from FileInfo.csproj", "{7F9D7B8F-B40E-48A6-A7C7-16370CA71C3F}"
EndProject
Project("{2150E333-8FDC-42A3-9474-1A3956D46DE8}") = "15.8.File Properties( 3 )", "15.8.File Properties( 3 )", "{3318449C-D2EC-4863-8202-9C58B656BDFB}"
EndProject
Project("{FAE04EC0-301F-11D3-BF4B-00C04F79EFBC}") = "15.8.1. Get FileInfo", "15.8.1. Get FileInfo\15.8.1. Get FileInfo.csproj", "{5C0FF361-CEC2-4D12-868C-6CED016CBF7A}"
EndProject
Project("{FAE04EC0-301F-11D3-BF4B-00C04F79EFBC}") = "15.8.2. Get FileInfo", "15.8.2. Get FileInfo\15.8.2. Get FileInfo.csproj", "{7379D7F7-00E3-4078-AAF2-09ABD2846C59}"
EndProject
Project("{FAE04EC0-301F-11D3-BF4B-00C04F79EFBC}") = "15.8.3. Get File", "15.8.3. Get File\15.8.3. Get File.csproj", "{5121D6FE-749A-4119-AB92-38AEADDC3EE7}"
EndProject
Project("{2150E333-8FDC-42A3-9474-1A3956D46DE8}") = "15.10.File Byte Read Write( 3 )", "15.10.File Byte Read Write( 3 )", "{90D35F85-A22A-4C4E-8DE4-D3B2FA2518C0}"
EndProject
Project("{FAE04EC0-301F-11D3-BF4B-00C04F79EFBC}") = "15.10.1. Use FileStream to read a file", "15.10.1. Use FileStream to read a file\15.10.1. Use FileStream to read a file.csproj", "{95AFF411-634D-436A-8D92-F6E8B23BAE53}"
EndProject
Project("{FAE04EC0-301F-11D3-BF4B-00C04F79EFBC}") = "15.10.2. Use FileStream to write", "15.10.2. Use FileStream to write\15.10.2. Use FileStream to write.csproj", "{36350C4E-52B3-4D53-A787-A5AD00529E35}"
EndProject
Project("{FAE04EC0-301F-11D3-BF4B-00C04F79EFBC}") = "15.10.3. Reading from a stream", "15.10.3. Reading from a stream\15.10.3. Reading from a stream.csproj", "{EEE4EE09-9F3D-4937-9323-D9CFF0FE7A07}"
EndProject
Project("{2150E333-8FDC-42A3-9474-1A3956D46DE8}") = "15.11.File Access Rule( 3 )", "15.11.File Access Rule( 3 )", "{C95458F8-6B26-456A-BB57-B57968CC4563}"
EndProject
Project("{FAE04EC0-301F-11D3-BF4B-00C04F79EFBC}") = "15.11.1. Set File access rule", "15.11.1. Set File access rule\15.11.1. Set File access rule.csproj", "{A7EE6A44-953E-4FFC-A6F2-90AFBBFF1958}"
EndProject
Project("{FAE04EC0-301F-11D3-BF4B-00C04F79EFBC}") = "15.11.2. Add file access rule", "15.11.2. Add file access rule\15.11.2. Add file access rule.csproj", "{2B3365B9-BFB5-4FED-9BCC-3F77D7FA46A1}"
EndProject
Project("{FAE04EC0-301F-11D3-BF4B-00C04F79EFBC}") = "15.11.3. Creating a new file", "15.11.3. Creating a new file\15.11.3. Creating a new file.csproj", "{F16F488F-3949-48CD-86A6-C7BB47CC291A}"
EndProject
Project("{2150E333-8FDC-42A3-9474-1A3956D46DE8}") = "15.12.File Permission( 7 )", "15.12.File Permission( 7 )", "{44F66CA4-DA7F-4D65-AD5F-D4AAD779FF59}"
EndProject
Project("{FAE04EC0-301F-11D3-BF4B-00C04F79EFBC}") = "15.12.1. Requesting minimum permissions", "15.12.1. Requesting minimum permissions\15.12.1. Requesting minimum permissions.csproj", "{F0253ABF-E894-4612-B637-2DC06308C734}"
EndProject
Project("{FAE04EC0-301F-11D3-BF4B-00C04F79EFBC}") = "15.12.2. Requesting optional permissions", "15.12.2. Requesting optional permissions\15.12.2. Requesting optional permissions.csproj", "{5987ADB9-783D-46B3-BADC-DF3670BCC4AC}"
EndProject
Project("{FAE04EC0-301F-11D3-BF4B-00C04F79EFBC}") = "15.12.3. Requesting a permission set", "15.12.3. Requesting a permission set\15.12.3. Requesting a permission set.csproj", "{0E5F3797-705A-46D4-B0C6-6679FED604A5}"
EndProject
Project("{FAE04EC0-301F-11D3-BF4B-00C04F79EFBC}") = "15.12.4. Refusing permissions", "15.12.4. Refusing permissions\15.12.4. Refusing permissions.csproj", "{932CBF9F-2005-471E-B738-94607A5E9503}"
EndProject
Project("{FAE04EC0-301F-11D3-BF4B-00C04F79EFBC}") = "15.12.5. Demanding permissions", "15.12.5. Demanding permissions\15.12.5. Demanding permissions.csproj", "{399D2A83-D20D-45FC-A6DF-4D58F97A9DD5}"
EndProject
Project("{FAE04EC0-301F-11D3-BF4B-00C04F79EFBC}") = "15.12.6. Permission sets", "15.12.6. Permission sets\15.12.6. Permission sets.csproj", "{90C32484-D1E8-4083-9894-AC80CD877137}"
EndProject
Project("{FAE04EC0-301F-11D3-BF4B-00C04F79EFBC}") = "15.12.7. Declarative Permission demo", "15.12.7. Declarative Permission demo\15.12.7. Declarative Permission demo.csproj", "{F32EF3BA-E285-468F-9C2D-26BC75EE48FB}"
EndProject
Project("{2150E333-8FDC-42A3-9474-1A3956D46DE8}") = "15.13.FileInfo( 6 )", "15.13.FileInfo( 6 )", "{AC379379-25D1-4799-B493-59889833E1E4}"
EndProject
Project("{FAE04EC0-301F-11D3-BF4B-00C04F79EFBC}") = "15.13.1. Open an existing file and return", "15.13.1. Open an existing file and return\15.13.1. Open an existing file and return.csproj", "{0513286B-437B-4881-8AED-2E7F09B37924}"
EndProject
Project("{FAE04EC0-301F-11D3-BF4B-00C04F79EFBC}") = "15.13.2. Create StreamWriter from FileInfo", "15.13.2. Create StreamWriter from FileInfo\15.13.2. Create StreamWriter from FileInfo.csproj", "{04AA1A96-8C99-47AF-A69B-7665923B4E45}"
EndProject
Project("{FAE04EC0-301F-11D3-BF4B-00C04F79EFBC}") = "15.13.3. Create FileStream from FileInfo", "15.13.3. Create FileStream from FileInfo\15.13.3. Create FileStream from FileInfo.csproj", "{F7A4F85B-9B84-46CD-93E7-29F5DA3CB45B}"
EndProject
Project("{FAE04EC0-301F-11D3-BF4B-00C04F79EFBC}") = "15.13.4. Create FileStream", "15.13.4. Create FileStream\15.13.4. Create FileStream.csproj", "{583F8C82-DC16-4B77-9382-C22024D67ADD}"
EndProject
Project("{FAE04EC0-301F-11D3-BF4B-00C04F79EFBC}") = "15.13.5. File Sorter", "15.13.5. File Sorter\15.13.5. File Sorter.csproj", "{09A20D46-2F20-4339-8728-1DAC77F1E42B}"
EndProject
Project("{FAE04EC0-301F-11D3-BF4B-00C04F79EFBC}") = "15.13.6. Show info on image types", "15.13.6. Show info on image types\15.13.6. Show info on image types.csproj", "{D6B90C52-3DDA-40CA-A563-06E2C7EC9B5E}"
EndProject
Project("{2150E333-8FDC-42A3-9474-1A3956D46DE8}") = "15.14.Drive( 4 )", "15.14.Drive( 4 )", "{38F262AA-12E7-412F-A7BB-992D90791AFC}"
EndProject
Project("{FAE04EC0-301F-11D3-BF4B-00C04F79EFBC}") = "15.14.1. List all drives", "15.14.1. List all drives\15.14.1. List all drives.csproj", "{D635AFE3-CD7C-4782-8BE6-8B9280E91F3B}"
EndProject
Project("{FAE04EC0-301F-11D3-BF4B-00C04F79EFBC}") = "15.14.2. Get all logical drives", "15.14.2. Get all logical drives\15.14.2. Get all logical drives.csproj", "{7AE83291-DDD4-41E4-AC35-9268E3F5B617}"
EndProject
Project("{FAE04EC0-301F-11D3-BF4B-00C04F79EFBC}") = "15.14.3. DriveInfo", "15.14.3. DriveInfo\15.14.3. DriveInfo.csproj", "{B0AF3C49-4F23-4780-836D-6887AB1EF12F}"
EndProject
Project("{FAE04EC0-301F-11D3-BF4B-00C04F79EFBC}") = "15.14.4. DriveInfo App", "15.14.4. DriveInfo App\15.14.4. DriveInfo App.csproj", "{892DD5C9-5B7E-4D52-94D3-BE9FC05E8F84}"
EndProject
Project("{2150E333-8FDC-42A3-9474-1A3956D46DE8}") = "15.15.Directory( 26 )", "15.15.Directory( 26 )", "{2B38A16C-FB99-4EA9-96DE-80079CF60500}"
EndProject
Project("{FAE04EC0-301F-11D3-BF4B-00C04F79EFBC}") = "15.15.1. Get the files from the root directory", "15.15.1. Get the files from the root directory\15.15.1. Get the files from the root directory.csproj", "{88DB792E-EA18-4142-9B15-F0400C7B9FE4}"
EndProject
Project("{FAE04EC0-301F-11D3-BF4B-00C04F79EFBC}") = "15.15.2. Use file filer on a directory", "15.15.2. Use file filer on a directory\15.15.2. Use file filer on a directory.csproj", "{5DC766C5-160F-4E26-A7C0-43A95B891B05}"
EndProject
Project("{FAE04EC0-301F-11D3-BF4B-00C04F79EFBC}") = "15.15.3. Directory.Exists", "15.15.3. Directory.Exists\15.15.3. Directory.Exists.csproj", "{8F21000C-A47C-4711-AD19-08CED198A1AC}"
EndProject
Project("{FAE04EC0-301F-11D3-BF4B-00C04F79EFBC}") = "15.15.4. Get Current Directory", "15.15.4. Get Current Directory\15.15.4. Get Current Directory.csproj", "{DE6342B9-D397-4DA2-9BAE-AC2FA11B5B2C}"
EndProject
Project("{FAE04EC0-301F-11D3-BF4B-00C04F79EFBC}") = "15.15.5. Get relative path", "15.15.5. Get relative path\15.15.5. Get relative path.csproj", "{2C145BFF-A4B0-41A0-AFF3-67336EB80E57}"
EndProject
Project("{FAE04EC0-301F-11D3-BF4B-00C04F79EFBC}") = "15.15.6. Changing current directory to c", "15.15.6. Changing current directory to c\15.15.6. Changing current directory to c.csproj", "{7ECE2015-D366-4358-8B82-0A4B97CE725E}"
EndProject
Project("{FAE04EC0-301F-11D3-BF4B-00C04F79EFBC}") = "15.15.7. Delete Directory", "15.15.7. Delete Directory\15.15.7. Delete Directory.csproj", "{44CCABF3-272B-4359-A076-C12D276FEF2E}"
EndProject
Project("{FAE04EC0-301F-11D3-BF4B-00C04F79EFBC}") = "15.15.8. Directory Attributes", "15.15.8. Directory Attributes\15.15.8. Directory Attributes.csproj", "{2D1BBBBF-5070-404F-A672-906E8E535C0F}"
EndProject
Project("{FAE04EC0-301F-11D3-BF4B-00C04F79EFBC}") = "15.15.9. Use DirectoryInfo to create sub dir", "15.15.9. Use DirectoryInfo to create sub dir\15.15.9. Use DirectoryInfo to create sub dir.csproj", "{50A6ADAC-7F19-4D7D-BA04-9A3DC40987D3}"
EndProject
Project("{FAE04EC0-301F-11D3-BF4B-00C04F79EFBC}") = "15.15.10. List directory under a directory", "15.15.10. List directory under a directory\15.15.10. List directory under a directory.csproj", "{9C1723C5-5E6C-44AC-ABB7-69D426034C03}"
EndProject
Project("{FAE04EC0-301F-11D3-BF4B-00C04F79EFBC}") = "15.15.11. List files under a directory", "15.15.11. List files under a directory\15.15.11. List files under a directory.csproj", "{8CB02CFB-2F76-472C-8262-98BA17D59946}"
EndProject
Project("{FAE04EC0-301F-11D3-BF4B-00C04F79EFBC}") = "15.15.12. All Directories traverses all sub", "15.15.12. All Directories traverses all sub\15.15.12. All Directories traverses all sub.csproj", "{C42F8E0B-4788-4654-AAA2-B23B89602D7C}"
EndProject
Project("{FAE04EC0-301F-11D3-BF4B-00C04F79EFBC}") = "15.15.13. Traverse all files under the root", "15.15.13. Traverse all files under the root\15.15.13. Traverse all files under the root.csproj", "{6F5F413F-8859-4E64-800E-DBE066AD2EE1}"
EndProject
Project("{FAE04EC0-301F-11D3-BF4B-00C04F79EFBC}") = "15.15.14. Recursive Directory use", "15.15.14. Recursive Directory use\15.15.14. Recursive Directory use.csproj", "{E72A498E-1496-4CBF-8BAE-2081EB06EB46}"
EndProject
Project("{FAE04EC0-301F-11D3-BF4B-00C04F79EFBC}") = "15.15.15. Get DirectoryInfo from FileInfo", "15.15.15. Get DirectoryInfo from FileInfo\15.15.15. Get DirectoryInfo from FileInfo.csproj", "{2C19DB96-96B5-465A-BAA0-EAFE77F8A0C3}"
EndProject
Project("{FAE04EC0-301F-11D3-BF4B-00C04F79EFBC}") = "15.15.16. DirectoryInfo", "15.15.16. DirectoryInfo\15.15.16. DirectoryInfo.csproj", "{4D0C20B9-2AC5-4E67-B3E9-EF1139256EFC}"
EndProject
Project("{FAE04EC0-301F-11D3-BF4B-00C04F79EFBC}") = "15.15.17. DirectoryInfo", "15.15.17. DirectoryInfo\15.15.17. DirectoryInfo.csproj", "{72BAD654-37D5-4B80-98AB-753BC0BB36B6}"
EndProject
Project("{FAE04EC0-301F-11D3-BF4B-00C04F79EFBC}") = "15.15.18. Using Directory type", "15.15.18. Using Directory type\15.15.18. Using Directory type.csproj", "{59D8C5D5-018A-429C-AF12-973B01DE070C}"
EndProject
Project("{FAE04EC0-301F-11D3-BF4B-00C04F79EFBC}") = "15.15.19. Recursely Explore Directories", "15.15.19. Recursely Explore Directories\15.15.19. Recursely Explore Directories.csproj", "{02CD345C-3EFE-4D23-9BE3-DF8F70F490D6}"
EndProject
Project("{FAE04EC0-301F-11D3-BF4B-00C04F79EFBC}") = "15.15.20. Show basic directory info", "15.15.20. Show basic directory info\15.15.20. Show basic directory info.csproj", "{32583A41-5F49-47A0-BAC1-F750116378D4}"
EndProject
Project("{FAE04EC0-301F-11D3-BF4B-00C04F79EFBC}") = "15.15.21. Modify directory structure", "15.15.21. Modify directory structure\15.15.21. Modify directory structure.csproj", "{0960D6D0-BF0A-49B7-B65F-A16D9AD2126C}"
EndProject
Project("{FAE04EC0-301F-11D3-BF4B-00C04F79EFBC}") = "15.15.22. Creating Subdirectory", "15.15.22. Creating Subdirectory\15.15.22. Creating Subdirectory.csproj", "{983828EE-562B-45E4-82DB-5CE7F9595AA2}"
EndProject
Project("{FAE04EC0-301F-11D3-BF4B-00C04F79EFBC}") = "15.15.23. Exploring Files And Sub directories", "15.15.23. Exploring Files And Sub directories\15.15.23. Exploring Files And Sub directories.csproj", "{66365B89-5E2C-4F74-80DA-38FB78646EC2}"
EndProject
Project("{FAE04EC0-301F-11D3-BF4B-00C04F79EFBC}") = "15.15.24. Create directory structure", "15.15.24. Create directory structure\15.15.24. Create directory structure.csproj", "{33AD20B1-F5F6-4C90-A3FB-282B54A9EECF}"
EndProject
Project("{FAE04EC0-301F-11D3-BF4B-00C04F79EFBC}") = "15.15.25. Get all cs file from", "15.15.25. Get all cs file from\15.15.25. Get all cs file from.csproj", "{15371133-BF8A-485D-A871-0D1C9CE02FAD}"
EndProject
Project("{FAE04EC0-301F-11D3-BF4B-00C04F79EFBC}") = "15.15.26. Use the GetFiles", "15.15.26. Use the GetFiles\15.15.26. Use the GetFiles.csproj", "{38528D17-2772-47D2-A8B3-9BEA4325DE7B}"
EndProject
Project("{2150E333-8FDC-42A3-9474-1A3956D46DE8}") = "15.16.Directory Copy( 1 )", "15.16.Directory Copy( 1 )", "{9D7EE31E-E0C9-49C0-9D0F-1DA5FBD6EF6B}"
EndProject
Project("{FAE04EC0-301F-11D3-BF4B-00C04F79EFBC}") = "15.16.1. Copy Directory", "15.16.1. Copy Directory\15.16.1. Copy Directory.csproj", "{8244DC81-FEF5-4853-AC51-D04E6C27EE79}"
EndProject
Project("{2150E333-8FDC-42A3-9474-1A3956D46DE8}") = "15.17.Directory Size( 2 )", "15.17.Directory Size( 2 )", "{FD9C5E9F-EADF-4123-ADE6-4C4C33E0EEA8}"
EndProject
Project("{FAE04EC0-301F-11D3-BF4B-00C04F79EFBC}") = "15.17.1. Calculate Directory Size", "15.17.1. Calculate Directory Size\15.17.1. Calculate Directory Size.csproj", "{3E883AFD-5AC5-4A9B-B788-1091F90373E7}"
EndProject
Project("{FAE04EC0-301F-11D3-BF4B-00C04F79EFBC}") = "15.17.2. Display Dir information recursivly", "15.17.2. Display Dir information recursivly\15.17.2. Display Dir information recursivly.csproj", "{206B5F31-2770-46BE-84CD-CF408AC12625}"
EndProject
Project("{2150E333-8FDC-42A3-9474-1A3956D46DE8}") = "15.18.Stream( 10 )", "15.18.Stream( 10 )", "{E1A75BFA-37E0-4539-99EC-484D2D256F2F}"
	ProjectSection(SolutionItems) = preProject
		15.18.1.Built Upon Streams.cs = 15.18.1.Built Upon Streams.cs
		15.18.2. The Stream Classes.cs = 15.18.2. The Stream Classes.cs
	EndProjectSection
EndProject
Project("{FAE04EC0-301F-11D3-BF4B-00C04F79EFBC}") = "15.18.3. The Byte Stream Classes", "15.18.3. The Byte Stream Classes\15.18.3. The Byte Stream Classes.csproj", "{C251F445-014C-47AF-A6B8-F93F16C3023E}"
EndProject
Project("{FAE04EC0-301F-11D3-BF4B-00C04F79EFBC}") = "15.18.5. Using streamreader to decode streams", "15.18.5. Using streamreader to decode streams\15.18.5. Using streamreader to decode streams.csproj", "{9770AFE4-6820-409C-89BE-BE4DD5FD22E2}"
EndProject
Project("{FAE04EC0-301F-11D3-BF4B-00C04F79EFBC}") = "15.18.6. Using streamreader to read", "15.18.6. Using streamreader to read\15.18.6. Using streamreader to read.csproj", "{AAC8A249-33D5-48CF-A257-8D1A849DAA01}"
EndProject
Project("{FAE04EC0-301F-11D3-BF4B-00C04F79EFBC}") = "15.18.7. Using streamreader to read", "15.18.7. Using streamreader to read\15.18.7. Using streamreader to read.csproj", "{EBD06526-9272-42D5-8FD4-47DFD098BD67}"
EndProject
Project("{FAE04EC0-301F-11D3-BF4B-00C04F79EFBC}") = "15.18.8. Reading from a stream", "15.18.8. Reading from a stream\15.18.8. Reading from a stream.csproj", "{A50B7C58-25C5-45C9-89FA-27FDB2987B43}"
EndProject
Project("{FAE04EC0-301F-11D3-BF4B-00C04F79EFBC}") = "15.18.9. Reading from a stream buffer at a time", "15.18.9. Reading from a stream buffer at a time\15.18.9. Reading from a stream buffer at a time.csproj", "{ACD8E202-AD03-4A88-BB49-C8143F601D3F}"
EndProject
Project("{FAE04EC0-301F-11D3-BF4B-00C04F79EFBC}") = "15.18.10. Implementing Binary Read", "15.18.10. Implementing Binary Read\15.18.10. Implementing Binary Read.csproj", "{C0A65BB9-79F0-4013-BC86-C34E487DDB00}"
EndProject
Project("{2150E333-8FDC-42A3-9474-1A3956D46DE8}") = "15.41.CSV File( 1 )", "15.41.CSV File( 1 )", "{B381AFBC-2036-45AC-96C9-12E9F2532E19}"
EndProject
Project("{FAE04EC0-301F-11D3-BF4B-00C04F79EFBC}") = "15.41.1. Read csv file", "15.41.1. Read csv file\15.41.1. Read csv file.csproj", "{FB88BFE1-AA63-4849-ADA4-F0978AEA6227}"
EndProject
Project("{2150E333-8FDC-42A3-9474-1A3956D46DE8}") = "15.40.GZipStream( 1 )", "15.40.GZipStream( 1 )", "{B55467F0-6298-481C-BBDE-77336E55B56C}"
EndProject
Project("{FAE04EC0-301F-11D3-BF4B-00C04F79EFBC}") = "15.40.1. Compress and uncompress", "15.40.1. Compress and uncompress\15.40.1. Compress and uncompress.csproj", "{65BDD3BA-92DD-4741-BC06-936C62502898}"
EndProject
Project("{2150E333-8FDC-42A3-9474-1A3956D46DE8}") = "15.31.Temp File( 1 )", "15.31.Temp File( 1 )", "{886F9B92-0339-49FA-8D39-80BAB3312D27}"
EndProject
Project("{FAE04EC0-301F-11D3-BF4B-00C04F79EFBC}") = "15.31.1. Create a temp file and delete it", "15.31.1. Create a temp file and delete it\15.31.1. Create a temp file and delete it.csproj", "{8A1C186F-E3F4-4C90-BE0F-4952C117BA84}"
EndProject
Project("{2150E333-8FDC-42A3-9474-1A3956D46DE8}") = "15.29.Binary Formatter( 2 )", "15.29.Binary Formatter( 2 )", "{8BE10695-E334-4648-8997-26F7E7FCA309}"
EndProject
Project("{FAE04EC0-301F-11D3-BF4B-00C04F79EFBC}") = "15.29.1. Use BinaryFormatter to Serialize", "15.29.1. Use BinaryFormatter to Serialize\15.29.1. Use BinaryFormatter to Serialize.csproj", "{842A7821-3896-4E65-853C-56775974CCC3}"
EndProject
Project("{FAE04EC0-301F-11D3-BF4B-00C04F79EFBC}") = "15.29.2. Use BinaryFormatter to serialize", "15.29.2. Use BinaryFormatter to serialize\15.29.2. Use BinaryFormatter to serialize.csproj", "{CBB0346A-C987-4F81-B90A-06311F2DDB53}"
EndProject
Project("{2150E333-8FDC-42A3-9474-1A3956D46DE8}") = "15.32.Random File Name( 1 )", "15.32.Random File Name( 1 )", "{A212BF71-D77D-4A61-A68A-B21C9D23B002}"
EndProject
Project("{FAE04EC0-301F-11D3-BF4B-00C04F79EFBC}") = "15.32.1. Get Random File Name", "15.32.1. Get Random File Name\15.32.1. Get Random File Name.csproj", "{965907D6-7993-4F5E-BCD1-738F26521AA6}"
EndProject
Global
	GlobalSection(SolutionConfigurationPlatforms) = preSolution
		Debug|Any CPU = Debug|Any CPU
		Release|Any CPU = Release|Any CPU
	EndGlobalSection
	GlobalSection(ProjectConfigurationPlatforms) = postSolution
		{C426DC38-84E9-4F9B-A3AB-29EFC0C919E2}.Debug|Any CPU.ActiveCfg = Debug|Any CPU
		{C426DC38-84E9-4F9B-A3AB-29EFC0C919E2}.Debug|Any CPU.Build.0 = Debug|Any CPU
		{C426DC38-84E9-4F9B-A3AB-29EFC0C919E2}.Release|Any CPU.ActiveCfg = Release|Any CPU
		{C426DC38-84E9-4F9B-A3AB-29EFC0C919E2}.Release|Any CPU.Build.0 = Release|Any CPU
		{A8C86B04-26FE-4828-96C4-F9B4BFCD42AF}.Debug|Any CPU.ActiveCfg = Debug|Any CPU
		{A8C86B04-26FE-4828-96C4-F9B4BFCD42AF}.Debug|Any CPU.Build.0 = Debug|Any CPU
		{A8C86B04-26FE-4828-96C4-F9B4BFCD42AF}.Release|Any CPU.ActiveCfg = Release|Any CPU
		{A8C86B04-26FE-4828-96C4-F9B4BFCD42AF}.Release|Any CPU.Build.0 = Release|Any CPU
		{87EFD25E-E9CB-494D-83E5-17A644CB27BE}.Debug|Any CPU.ActiveCfg = Debug|Any CPU
		{87EFD25E-E9CB-494D-83E5-17A644CB27BE}.Debug|Any CPU.Build.0 = Debug|Any CPU
		{87EFD25E-E9CB-494D-83E5-17A644CB27BE}.Release|Any CPU.ActiveCfg = Release|Any CPU
		{87EFD25E-E9CB-494D-83E5-17A644CB27BE}.Release|Any CPU.Build.0 = Release|Any CPU
		{6C39C65F-227B-4145-9556-19DAB276B048}.Debug|Any CPU.ActiveCfg = Debug|Any CPU
		{6C39C65F-227B-4145-9556-19DAB276B048}.Debug|Any CPU.Build.0 = Debug|Any CPU
		{6C39C65F-227B-4145-9556-19DAB276B048}.Release|Any CPU.ActiveCfg = Release|Any CPU
		{6C39C65F-227B-4145-9556-19DAB276B048}.Release|Any CPU.Build.0 = Release|Any CPU
		{A48CDDB6-22BA-4F27-86F6-1F049D072C53}.Debug|Any CPU.ActiveCfg = Debug|Any CPU
		{A48CDDB6-22BA-4F27-86F6-1F049D072C53}.Debug|Any CPU.Build.0 = Debug|Any CPU
		{A48CDDB6-22BA-4F27-86F6-1F049D072C53}.Release|Any CPU.ActiveCfg = Release|Any CPU
		{A48CDDB6-22BA-4F27-86F6-1F049D072C53}.Release|Any CPU.Build.0 = Release|Any CPU
		{19AA2BF3-7E01-4991-9393-72799098A6DA}.Debug|Any CPU.ActiveCfg = Debug|Any CPU
		{19AA2BF3-7E01-4991-9393-72799098A6DA}.Debug|Any CPU.Build.0 = Debug|Any CPU
		{19AA2BF3-7E01-4991-9393-72799098A6DA}.Release|Any CPU.ActiveCfg = Release|Any CPU
		{19AA2BF3-7E01-4991-9393-72799098A6DA}.Release|Any CPU.Build.0 = Release|Any CPU
		{D9DD3056-0EDA-41B4-B937-57134F605D3E}.Debug|Any CPU.ActiveCfg = Debug|Any CPU
		{D9DD3056-0EDA-41B4-B937-57134F605D3E}.Debug|Any CPU.Build.0 = Debug|Any CPU
		{D9DD3056-0EDA-41B4-B937-57134F605D3E}.Release|Any CPU.ActiveCfg = Release|Any CPU
		{D9DD3056-0EDA-41B4-B937-57134F605D3E}.Release|Any CPU.Build.0 = Release|Any CPU
		{1A2BD9E0-CE92-424F-A5FC-FF5915E720DF}.Debug|Any CPU.ActiveCfg = Debug|Any CPU
		{1A2BD9E0-CE92-424F-A5FC-FF5915E720DF}.Debug|Any CPU.Build.0 = Debug|Any CPU
		{1A2BD9E0-CE92-424F-A5FC-FF5915E720DF}.Release|Any CPU.ActiveCfg = Release|Any CPU
		{1A2BD9E0-CE92-424F-A5FC-FF5915E720DF}.Release|Any CPU.Build.0 = Release|Any CPU
		{99E5BED9-0A57-4F90-8380-4FDF07943CC7}.Debug|Any CPU.ActiveCfg = Debug|Any CPU
		{99E5BED9-0A57-4F90-8380-4FDF07943CC7}.Debug|Any CPU.Build.0 = Debug|Any CPU
		{99E5BED9-0A57-4F90-8380-4FDF07943CC7}.Release|Any CPU.ActiveCfg = Release|Any CPU
		{99E5BED9-0A57-4F90-8380-4FDF07943CC7}.Release|Any CPU.Build.0 = Release|Any CPU
		{B711FBC2-2446-4BBD-B4E6-D00AEB4CF419}.Debug|Any CPU.ActiveCfg = Debug|Any CPU
		{B711FBC2-2446-4BBD-B4E6-D00AEB4CF419}.Debug|Any CPU.Build.0 = Debug|Any CPU
		{B711FBC2-2446-4BBD-B4E6-D00AEB4CF419}.Release|Any CPU.ActiveCfg = Release|Any CPU
		{B711FBC2-2446-4BBD-B4E6-D00AEB4CF419}.Release|Any CPU.Build.0 = Release|Any CPU
		{934CC724-0345-4C35-99B2-2ED0F66BC96F}.Debug|Any CPU.ActiveCfg = Debug|Any CPU
		{934CC724-0345-4C35-99B2-2ED0F66BC96F}.Debug|Any CPU.Build.0 = Debug|Any CPU
		{934CC724-0345-4C35-99B2-2ED0F66BC96F}.Release|Any CPU.ActiveCfg = Release|Any CPU
		{934CC724-0345-4C35-99B2-2ED0F66BC96F}.Release|Any CPU.Build.0 = Release|Any CPU
		{3E3F7A52-A266-4278-90FA-490280D01513}.Debug|Any CPU.ActiveCfg = Debug|Any CPU
		{3E3F7A52-A266-4278-90FA-490280D01513}.Debug|Any CPU.Build.0 = Debug|Any CPU
		{3E3F7A52-A266-4278-90FA-490280D01513}.Release|Any CPU.ActiveCfg = Release|Any CPU
		{3E3F7A52-A266-4278-90FA-490280D01513}.Release|Any CPU.Build.0 = Release|Any CPU
		{26A7BB05-F643-4AE1-B9C8-F1FEB11ED5D7}.Debug|Any CPU.ActiveCfg = Debug|Any CPU
		{26A7BB05-F643-4AE1-B9C8-F1FEB11ED5D7}.Debug|Any CPU.Build.0 = Debug|Any CPU
		{26A7BB05-F643-4AE1-B9C8-F1FEB11ED5D7}.Release|Any CPU.ActiveCfg = Release|Any CPU
		{26A7BB05-F643-4AE1-B9C8-F1FEB11ED5D7}.Release|Any CPU.Build.0 = Release|Any CPU
		{B9DDDDC1-24C5-45B9-986A-02B4B3EA6511}.Debug|Any CPU.ActiveCfg = Debug|Any CPU
		{B9DDDDC1-24C5-45B9-986A-02B4B3EA6511}.Debug|Any CPU.Build.0 = Debug|Any CPU
		{B9DDDDC1-24C5-45B9-986A-02B4B3EA6511}.Release|Any CPU.ActiveCfg = Release|Any CPU
		{B9DDDDC1-24C5-45B9-986A-02B4B3EA6511}.Release|Any CPU.Build.0 = Release|Any CPU
		{51710179-5E80-4F62-88AA-7E256F5DE025}.Debug|Any CPU.ActiveCfg = Debug|Any CPU
		{51710179-5E80-4F62-88AA-7E256F5DE025}.Debug|Any CPU.Build.0 = Debug|Any CPU
		{51710179-5E80-4F62-88AA-7E256F5DE025}.Release|Any CPU.ActiveCfg = Release|Any CPU
		{51710179-5E80-4F62-88AA-7E256F5DE025}.Release|Any CPU.Build.0 = Release|Any CPU
		{E7B31074-951E-4A79-9E82-222DED8CA78A}.Debug|Any CPU.ActiveCfg = Debug|Any CPU
		{E7B31074-951E-4A79-9E82-222DED8CA78A}.Debug|Any CPU.Build.0 = Debug|Any CPU
		{E7B31074-951E-4A79-9E82-222DED8CA78A}.Release|Any CPU.ActiveCfg = Release|Any CPU
		{E7B31074-951E-4A79-9E82-222DED8CA78A}.Release|Any CPU.Build.0 = Release|Any CPU
		{CF0FE1EA-445A-427D-B8B9-58DE38B23097}.Debug|Any CPU.ActiveCfg = Debug|Any CPU
		{CF0FE1EA-445A-427D-B8B9-58DE38B23097}.Debug|Any CPU.Build.0 = Debug|Any CPU
		{CF0FE1EA-445A-427D-B8B9-58DE38B23097}.Release|Any CPU.ActiveCfg = Release|Any CPU
		{CF0FE1EA-445A-427D-B8B9-58DE38B23097}.Release|Any CPU.Build.0 = Release|Any CPU
		{06BE32B6-B00C-40D8-8A8E-402B79939A15}.Debug|Any CPU.ActiveCfg = Debug|Any CPU
		{06BE32B6-B00C-40D8-8A8E-402B79939A15}.Debug|Any CPU.Build.0 = Debug|Any CPU
		{06BE32B6-B00C-40D8-8A8E-402B79939A15}.Release|Any CPU.ActiveCfg = Release|Any CPU
		{06BE32B6-B00C-40D8-8A8E-402B79939A15}.Release|Any CPU.Build.0 = Release|Any CPU
		{3585B7BB-8686-4715-A766-9FBFAE5B9F7E}.Debug|Any CPU.ActiveCfg = Debug|Any CPU
		{3585B7BB-8686-4715-A766-9FBFAE5B9F7E}.Debug|Any CPU.Build.0 = Debug|Any CPU
		{3585B7BB-8686-4715-A766-9FBFAE5B9F7E}.Release|Any CPU.ActiveCfg = Release|Any CPU
		{3585B7BB-8686-4715-A766-9FBFAE5B9F7E}.Release|Any CPU.Build.0 = Release|Any CPU
		{A0456070-A589-4AE1-B94B-503AA2255F5D}.Debug|Any CPU.ActiveCfg = Debug|Any CPU
		{A0456070-A589-4AE1-B94B-503AA2255F5D}.Debug|Any CPU.Build.0 = Debug|Any CPU
		{A0456070-A589-4AE1-B94B-503AA2255F5D}.Release|Any CPU.ActiveCfg = Release|Any CPU
		{A0456070-A589-4AE1-B94B-503AA2255F5D}.Release|Any CPU.Build.0 = Release|Any CPU
		{C61ED147-DCBF-4080-B58E-F736186CF75D}.Debug|Any CPU.ActiveCfg = Debug|Any CPU
		{C61ED147-DCBF-4080-B58E-F736186CF75D}.Debug|Any CPU.Build.0 = Debug|Any CPU
		{C61ED147-DCBF-4080-B58E-F736186CF75D}.Release|Any CPU.ActiveCfg = Release|Any CPU
		{C61ED147-DCBF-4080-B58E-F736186CF75D}.Release|Any CPU.Build.0 = Release|Any CPU
		{04DA76B6-6BE4-4D7A-BEB7-F7201907E280}.Debug|Any CPU.ActiveCfg = Debug|Any CPU
		{04DA76B6-6BE4-4D7A-BEB7-F7201907E280}.Debug|Any CPU.Build.0 = Debug|Any CPU
		{04DA76B6-6BE4-4D7A-BEB7-F7201907E280}.Release|Any CPU.ActiveCfg = Release|Any CPU
		{04DA76B6-6BE4-4D7A-BEB7-F7201907E280}.Release|Any CPU.Build.0 = Release|Any CPU
		{9A77480D-CAF9-4BFF-B0D7-EDEEE90B8EB0}.Debug|Any CPU.ActiveCfg = Debug|Any CPU
		{9A77480D-CAF9-4BFF-B0D7-EDEEE90B8EB0}.Debug|Any CPU.Build.0 = Debug|Any CPU
		{9A77480D-CAF9-4BFF-B0D7-EDEEE90B8EB0}.Release|Any CPU.ActiveCfg = Release|Any CPU
		{9A77480D-CAF9-4BFF-B0D7-EDEEE90B8EB0}.Release|Any CPU.Build.0 = Release|Any CPU
		{7F9D7B8F-B40E-48A6-A7C7-16370CA71C3F}.Debug|Any CPU.ActiveCfg = Debug|Any CPU
		{7F9D7B8F-B40E-48A6-A7C7-16370CA71C3F}.Debug|Any CPU.Build.0 = Debug|Any CPU
		{7F9D7B8F-B40E-48A6-A7C7-16370CA71C3F}.Release|Any CPU.ActiveCfg = Release|Any CPU
		{7F9D7B8F-B40E-48A6-A7C7-16370CA71C3F}.Release|Any CPU.Build.0 = Release|Any CPU
		{5C0FF361-CEC2-4D12-868C-6CED016CBF7A}.Debug|Any CPU.ActiveCfg = Debug|Any CPU
		{5C0FF361-CEC2-4D12-868C-6CED016CBF7A}.Debug|Any CPU.Build.0 = Debug|Any CPU
		{5C0FF361-CEC2-4D12-868C-6CED016CBF7A}.Release|Any CPU.ActiveCfg = Release|Any CPU
		{5C0FF361-CEC2-4D12-868C-6CED016CBF7A}.Release|Any CPU.Build.0 = Release|Any CPU
		{7379D7F7-00E3-4078-AAF2-09ABD2846C59}.Debug|Any CPU.ActiveCfg = Debug|Any CPU
		{7379D7F7-00E3-4078-AAF2-09ABD2846C59}.Debug|Any CPU.Build.0 = Debug|Any CPU
		{7379D7F7-00E3-4078-AAF2-09ABD2846C59}.Release|Any CPU.ActiveCfg = Release|Any CPU
		{7379D7F7-00E3-4078-AAF2-09ABD2846C59}.Release|Any CPU.Build.0 = Release|Any CPU
		{5121D6FE-749A-4119-AB92-38AEADDC3EE7}.Debug|Any CPU.ActiveCfg = Debug|Any CPU
		{5121D6FE-749A-4119-AB92-38AEADDC3EE7}.Debug|Any CPU.Build.0 = Debug|Any CPU
		{5121D6FE-749A-4119-AB92-38AEADDC3EE7}.Release|Any CPU.ActiveCfg = Release|Any CPU
		{5121D6FE-749A-4119-AB92-38AEADDC3EE7}.Release|Any CPU.Build.0 = Release|Any CPU
		{95AFF411-634D-436A-8D92-F6E8B23BAE53}.Debug|Any CPU.ActiveCfg = Debug|Any CPU
		{95AFF411-634D-436A-8D92-F6E8B23BAE53}.Debug|Any CPU.Build.0 = Debug|Any CPU
		{95AFF411-634D-436A-8D92-F6E8B23BAE53}.Release|Any CPU.ActiveCfg = Release|Any CPU
		{95AFF411-634D-436A-8D92-F6E8B23BAE53}.Release|Any CPU.Build.0 = Release|Any CPU
		{36350C4E-52B3-4D53-A787-A5AD00529E35}.Debug|Any CPU.ActiveCfg = Debug|Any CPU
		{36350C4E-52B3-4D53-A787-A5AD00529E35}.Debug|Any CPU.Build.0 = Debug|Any CPU
		{36350C4E-52B3-4D53-A787-A5AD00529E35}.Release|Any CPU.ActiveCfg = Release|Any CPU
		{36350C4E-52B3-4D53-A787-A5AD00529E35}.Release|Any CPU.Build.0 = Release|Any CPU
		{EEE4EE09-9F3D-4937-9323-D9CFF0FE7A07}.Debug|Any CPU.ActiveCfg = Debug|Any CPU
		{EEE4EE09-9F3D-4937-9323-D9CFF0FE7A07}.Debug|Any CPU.Build.0 = Debug|Any CPU
		{EEE4EE09-9F3D-4937-9323-D9CFF0FE7A07}.Release|Any CPU.ActiveCfg = Release|Any CPU
		{EEE4EE09-9F3D-4937-9323-D9CFF0FE7A07}.Release|Any CPU.Build.0 = Release|Any CPU
		{A7EE6A44-953E-4FFC-A6F2-90AFBBFF1958}.Debug|Any CPU.ActiveCfg = Debug|Any CPU
		{A7EE6A44-953E-4FFC-A6F2-90AFBBFF1958}.Debug|Any CPU.Build.0 = Debug|Any CPU
		{A7EE6A44-953E-4FFC-A6F2-90AFBBFF1958}.Release|Any CPU.ActiveCfg = Release|Any CPU
		{A7EE6A44-953E-4FFC-A6F2-90AFBBFF1958}.Release|Any CPU.Build.0 = Release|Any CPU
		{2B3365B9-BFB5-4FED-9BCC-3F77D7FA46A1}.Debug|Any CPU.ActiveCfg = Debug|Any CPU
		{2B3365B9-BFB5-4FED-9BCC-3F77D7FA46A1}.Debug|Any CPU.Build.0 = Debug|Any CPU
		{2B3365B9-BFB5-4FED-9BCC-3F77D7FA46A1}.Release|Any CPU.ActiveCfg = Release|Any CPU
		{2B3365B9-BFB5-4FED-9BCC-3F77D7FA46A1}.Release|Any CPU.Build.0 = Release|Any CPU
		{F16F488F-3949-48CD-86A6-C7BB47CC291A}.Debug|Any CPU.ActiveCfg = Debug|Any CPU
		{F16F488F-3949-48CD-86A6-C7BB47CC291A}.Debug|Any CPU.Build.0 = Debug|Any CPU
		{F16F488F-3949-48CD-86A6-C7BB47CC291A}.Release|Any CPU.ActiveCfg = Release|Any CPU
		{F16F488F-3949-48CD-86A6-C7BB47CC291A}.Release|Any CPU.Build.0 = Release|Any CPU
		{F0253ABF-E894-4612-B637-2DC06308C734}.Debug|Any CPU.ActiveCfg = Debug|Any CPU
		{F0253ABF-E894-4612-B637-2DC06308C734}.Debug|Any CPU.Build.0 = Debug|Any CPU
		{F0253ABF-E894-4612-B637-2DC06308C734}.Release|Any CPU.ActiveCfg = Release|Any CPU
		{F0253ABF-E894-4612-B637-2DC06308C734}.Release|Any CPU.Build.0 = Release|Any CPU
		{5987ADB9-783D-46B3-BADC-DF3670BCC4AC}.Debug|Any CPU.ActiveCfg = Debug|Any CPU
		{5987ADB9-783D-46B3-BADC-DF3670BCC4AC}.Debug|Any CPU.Build.0 = Debug|Any CPU
		{5987ADB9-783D-46B3-BADC-DF3670BCC4AC}.Release|Any CPU.ActiveCfg = Release|Any CPU
		{5987ADB9-783D-46B3-BADC-DF3670BCC4AC}.Release|Any CPU.Build.0 = Release|Any CPU
		{0E5F3797-705A-46D4-B0C6-6679FED604A5}.Debug|Any CPU.ActiveCfg = Debug|Any CPU
		{0E5F3797-705A-46D4-B0C6-6679FED604A5}.Debug|Any CPU.Build.0 = Debug|Any CPU
		{0E5F3797-705A-46D4-B0C6-6679FED604A5}.Release|Any CPU.ActiveCfg = Release|Any CPU
		{0E5F3797-705A-46D4-B0C6-6679FED604A5}.Release|Any CPU.Build.0 = Release|Any CPU
		{932CBF9F-2005-471E-B738-94607A5E9503}.Debug|Any CPU.ActiveCfg = Debug|Any CPU
		{932CBF9F-2005-471E-B738-94607A5E9503}.Debug|Any CPU.Build.0 = Debug|Any CPU
		{932CBF9F-2005-471E-B738-94607A5E9503}.Release|Any CPU.ActiveCfg = Release|Any CPU
		{932CBF9F-2005-471E-B738-94607A5E9503}.Release|Any CPU.Build.0 = Release|Any CPU
		{399D2A83-D20D-45FC-A6DF-4D58F97A9DD5}.Debug|Any CPU.ActiveCfg = Debug|Any CPU
		{399D2A83-D20D-45FC-A6DF-4D58F97A9DD5}.Debug|Any CPU.Build.0 = Debug|Any CPU
		{399D2A83-D20D-45FC-A6DF-4D58F97A9DD5}.Release|Any CPU.ActiveCfg = Release|Any CPU
		{399D2A83-D20D-45FC-A6DF-4D58F97A9DD5}.Release|Any CPU.Build.0 = Release|Any CPU
		{90C32484-D1E8-4083-9894-AC80CD877137}.Debug|Any CPU.ActiveCfg = Debug|Any CPU
		{90C32484-D1E8-4083-9894-AC80CD877137}.Debug|Any CPU.Build.0 = Debug|Any CPU
		{90C32484-D1E8-4083-9894-AC80CD877137}.Release|Any CPU.ActiveCfg = Release|Any CPU
		{90C32484-D1E8-4083-9894-AC80CD877137}.Release|Any CPU.Build.0 = Release|Any CPU
		{F32EF3BA-E285-468F-9C2D-26BC75EE48FB}.Debug|Any CPU.ActiveCfg = Debug|Any CPU
		{F32EF3BA-E285-468F-9C2D-26BC75EE48FB}.Debug|Any CPU.Build.0 = Debug|Any CPU
		{F32EF3BA-E285-468F-9C2D-26BC75EE48FB}.Release|Any CPU.ActiveCfg = Release|Any CPU
		{F32EF3BA-E285-468F-9C2D-26BC75EE48FB}.Release|Any CPU.Build.0 = Release|Any CPU
		{0513286B-437B-4881-8AED-2E7F09B37924}.Debug|Any CPU.ActiveCfg = Debug|Any CPU
		{0513286B-437B-4881-8AED-2E7F09B37924}.Debug|Any CPU.Build.0 = Debug|Any CPU
		{0513286B-437B-4881-8AED-2E7F09B37924}.Release|Any CPU.ActiveCfg = Release|Any CPU
		{0513286B-437B-4881-8AED-2E7F09B37924}.Release|Any CPU.Build.0 = Release|Any CPU
		{04AA1A96-8C99-47AF-A69B-7665923B4E45}.Debug|Any CPU.ActiveCfg = Debug|Any CPU
		{04AA1A96-8C99-47AF-A69B-7665923B4E45}.Debug|Any CPU.Build.0 = Debug|Any CPU
		{04AA1A96-8C99-47AF-A69B-7665923B4E45}.Release|Any CPU.ActiveCfg = Release|Any CPU
		{04AA1A96-8C99-47AF-A69B-7665923B4E45}.Release|Any CPU.Build.0 = Release|Any CPU
		{F7A4F85B-9B84-46CD-93E7-29F5DA3CB45B}.Debug|Any CPU.ActiveCfg = Debug|Any CPU
		{F7A4F85B-9B84-46CD-93E7-29F5DA3CB45B}.Debug|Any CPU.Build.0 = Debug|Any CPU
		{F7A4F85B-9B84-46CD-93E7-29F5DA3CB45B}.Release|Any CPU.ActiveCfg = Release|Any CPU
		{F7A4F85B-9B84-46CD-93E7-29F5DA3CB45B}.Release|Any CPU.Build.0 = Release|Any CPU
		{583F8C82-DC16-4B77-9382-C22024D67ADD}.Debug|Any CPU.ActiveCfg = Debug|Any CPU
		{583F8C82-DC16-4B77-9382-C22024D67ADD}.Debug|Any CPU.Build.0 = Debug|Any CPU
		{583F8C82-DC16-4B77-9382-C22024D67ADD}.Release|Any CPU.ActiveCfg = Release|Any CPU
		{583F8C82-DC16-4B77-9382-C22024D67ADD}.Release|Any CPU.Build.0 = Release|Any CPU
		{09A20D46-2F20-4339-8728-1DAC77F1E42B}.Debug|Any CPU.ActiveCfg = Debug|Any CPU
		{09A20D46-2F20-4339-8728-1DAC77F1E42B}.Debug|Any CPU.Build.0 = Debug|Any CPU
		{09A20D46-2F20-4339-8728-1DAC77F1E42B}.Release|Any CPU.ActiveCfg = Release|Any CPU
		{09A20D46-2F20-4339-8728-1DAC77F1E42B}.Release|Any CPU.Build.0 = Release|Any CPU
		{D6B90C52-3DDA-40CA-A563-06E2C7EC9B5E}.Debug|Any CPU.ActiveCfg = Debug|Any CPU
		{D6B90C52-3DDA-40CA-A563-06E2C7EC9B5E}.Debug|Any CPU.Build.0 = Debug|Any CPU
		{D6B90C52-3DDA-40CA-A563-06E2C7EC9B5E}.Release|Any CPU.ActiveCfg = Release|Any CPU
		{D6B90C52-3DDA-40CA-A563-06E2C7EC9B5E}.Release|Any CPU.Build.0 = Release|Any CPU
		{D635AFE3-CD7C-4782-8BE6-8B9280E91F3B}.Debug|Any CPU.ActiveCfg = Debug|Any CPU
		{D635AFE3-CD7C-4782-8BE6-8B9280E91F3B}.Debug|Any CPU.Build.0 = Debug|Any CPU
		{D635AFE3-CD7C-4782-8BE6-8B9280E91F3B}.Release|Any CPU.ActiveCfg = Release|Any CPU
		{D635AFE3-CD7C-4782-8BE6-8B9280E91F3B}.Release|Any CPU.Build.0 = Release|Any CPU
		{7AE83291-DDD4-41E4-AC35-9268E3F5B617}.Debug|Any CPU.ActiveCfg = Debug|Any CPU
		{7AE83291-DDD4-41E4-AC35-9268E3F5B617}.Debug|Any CPU.Build.0 = Debug|Any CPU
		{7AE83291-DDD4-41E4-AC35-9268E3F5B617}.Release|Any CPU.ActiveCfg = Release|Any CPU
		{7AE83291-DDD4-41E4-AC35-9268E3F5B617}.Release|Any CPU.Build.0 = Release|Any CPU
		{B0AF3C49-4F23-4780-836D-6887AB1EF12F}.Debug|Any CPU.ActiveCfg = Debug|Any CPU
		{B0AF3C49-4F23-4780-836D-6887AB1EF12F}.Debug|Any CPU.Build.0 = Debug|Any CPU
		{B0AF3C49-4F23-4780-836D-6887AB1EF12F}.Release|Any CPU.ActiveCfg = Release|Any CPU
		{B0AF3C49-4F23-4780-836D-6887AB1EF12F}.Release|Any CPU.Build.0 = Release|Any CPU
		{892DD5C9-5B7E-4D52-94D3-BE9FC05E8F84}.Debug|Any CPU.ActiveCfg = Debug|Any CPU
		{892DD5C9-5B7E-4D52-94D3-BE9FC05E8F84}.Debug|Any CPU.Build.0 = Debug|Any CPU
		{892DD5C9-5B7E-4D52-94D3-BE9FC05E8F84}.Release|Any CPU.ActiveCfg = Release|Any CPU
		{892DD5C9-5B7E-4D52-94D3-BE9FC05E8F84}.Release|Any CPU.Build.0 = Release|Any CPU
		{88DB792E-EA18-4142-9B15-F0400C7B9FE4}.Debug|Any CPU.ActiveCfg = Debug|Any CPU
		{88DB792E-EA18-4142-9B15-F0400C7B9FE4}.Debug|Any CPU.Build.0 = Debug|Any CPU
		{88DB792E-EA18-4142-9B15-F0400C7B9FE4}.Release|Any CPU.ActiveCfg = Release|Any CPU
		{88DB792E-EA18-4142-9B15-F0400C7B9FE4}.Release|Any CPU.Build.0 = Release|Any CPU
		{5DC766C5-160F-4E26-A7C0-43A95B891B05}.Debug|Any CPU.ActiveCfg = Debug|Any CPU
		{5DC766C5-160F-4E26-A7C0-43A95B891B05}.Debug|Any CPU.Build.0 = Debug|Any CPU
		{5DC766C5-160F-4E26-A7C0-43A95B891B05}.Release|Any CPU.ActiveCfg = Release|Any CPU
		{5DC766C5-160F-4E26-A7C0-43A95B891B05}.Release|Any CPU.Build.0 = Release|Any CPU
		{8F21000C-A47C-4711-AD19-08CED198A1AC}.Debug|Any CPU.ActiveCfg = Debug|Any CPU
		{8F21000C-A47C-4711-AD19-08CED198A1AC}.Debug|Any CPU.Build.0 = Debug|Any CPU
		{8F21000C-A47C-4711-AD19-08CED198A1AC}.Release|Any CPU.ActiveCfg = Release|Any CPU
		{8F21000C-A47C-4711-AD19-08CED198A1AC}.Release|Any CPU.Build.0 = Release|Any CPU
		{DE6342B9-D397-4DA2-9BAE-AC2FA11B5B2C}.Debug|Any CPU.ActiveCfg = Debug|Any CPU
		{DE6342B9-D397-4DA2-9BAE-AC2FA11B5B2C}.Debug|Any CPU.Build.0 = Debug|Any CPU
		{DE6342B9-D397-4DA2-9BAE-AC2FA11B5B2C}.Release|Any CPU.ActiveCfg = Release|Any CPU
		{DE6342B9-D397-4DA2-9BAE-AC2FA11B5B2C}.Release|Any CPU.Build.0 = Release|Any CPU
		{2C145BFF-A4B0-41A0-AFF3-67336EB80E57}.Debug|Any CPU.ActiveCfg = Debug|Any CPU
		{2C145BFF-A4B0-41A0-AFF3-67336EB80E57}.Debug|Any CPU.Build.0 = Debug|Any CPU
		{2C145BFF-A4B0-41A0-AFF3-67336EB80E57}.Release|Any CPU.ActiveCfg = Release|Any CPU
		{2C145BFF-A4B0-41A0-AFF3-67336EB80E57}.Release|Any CPU.Build.0 = Release|Any CPU
		{7ECE2015-D366-4358-8B82-0A4B97CE725E}.Debug|Any CPU.ActiveCfg = Debug|Any CPU
		{7ECE2015-D366-4358-8B82-0A4B97CE725E}.Debug|Any CPU.Build.0 = Debug|Any CPU
		{7ECE2015-D366-4358-8B82-0A4B97CE725E}.Release|Any CPU.ActiveCfg = Release|Any CPU
		{7ECE2015-D366-4358-8B82-0A4B97CE725E}.Release|Any CPU.Build.0 = Release|Any CPU
		{44CCABF3-272B-4359-A076-C12D276FEF2E}.Debug|Any CPU.ActiveCfg = Debug|Any CPU
		{44CCABF3-272B-4359-A076-C12D276FEF2E}.Debug|Any CPU.Build.0 = Debug|Any CPU
		{44CCABF3-272B-4359-A076-C12D276FEF2E}.Release|Any CPU.ActiveCfg = Release|Any CPU
		{44CCABF3-272B-4359-A076-C12D276FEF2E}.Release|Any CPU.Build.0 = Release|Any CPU
		{2D1BBBBF-5070-404F-A672-906E8E535C0F}.Debug|Any CPU.ActiveCfg = Debug|Any CPU
		{2D1BBBBF-5070-404F-A672-906E8E535C0F}.Debug|Any CPU.Build.0 = Debug|Any CPU
		{2D1BBBBF-5070-404F-A672-906E8E535C0F}.Release|Any CPU.ActiveCfg = Release|Any CPU
		{2D1BBBBF-5070-404F-A672-906E8E535C0F}.Release|Any CPU.Build.0 = Release|Any CPU
		{50A6ADAC-7F19-4D7D-BA04-9A3DC40987D3}.Debug|Any CPU.ActiveCfg = Debug|Any CPU
		{50A6ADAC-7F19-4D7D-BA04-9A3DC40987D3}.Debug|Any CPU.Build.0 = Debug|Any CPU
		{50A6ADAC-7F19-4D7D-BA04-9A3DC40987D3}.Release|Any CPU.ActiveCfg = Release|Any CPU
		{50A6ADAC-7F19-4D7D-BA04-9A3DC40987D3}.Release|Any CPU.Build.0 = Release|Any CPU
		{9C1723C5-5E6C-44AC-ABB7-69D426034C03}.Debug|Any CPU.ActiveCfg = Debug|Any CPU
		{9C1723C5-5E6C-44AC-ABB7-69D426034C03}.Debug|Any CPU.Build.0 = Debug|Any CPU
		{9C1723C5-5E6C-44AC-ABB7-69D426034C03}.Release|Any CPU.ActiveCfg = Release|Any CPU
		{9C1723C5-5E6C-44AC-ABB7-69D426034C03}.Release|Any CPU.Build.0 = Release|Any CPU
		{8CB02CFB-2F76-472C-8262-98BA17D59946}.Debug|Any CPU.ActiveCfg = Debug|Any CPU
		{8CB02CFB-2F76-472C-8262-98BA17D59946}.Debug|Any CPU.Build.0 = Debug|Any CPU
		{8CB02CFB-2F76-472C-8262-98BA17D59946}.Release|Any CPU.ActiveCfg = Release|Any CPU
		{8CB02CFB-2F76-472C-8262-98BA17D59946}.Release|Any CPU.Build.0 = Release|Any CPU
		{C42F8E0B-4788-4654-AAA2-B23B89602D7C}.Debug|Any CPU.ActiveCfg = Debug|Any CPU
		{C42F8E0B-4788-4654-AAA2-B23B89602D7C}.Debug|Any CPU.Build.0 = Debug|Any CPU
		{C42F8E0B-4788-4654-AAA2-B23B89602D7C}.Release|Any CPU.ActiveCfg = Release|Any CPU
		{C42F8E0B-4788-4654-AAA2-B23B89602D7C}.Release|Any CPU.Build.0 = Release|Any CPU
		{6F5F413F-8859-4E64-800E-DBE066AD2EE1}.Debug|Any CPU.ActiveCfg = Debug|Any CPU
		{6F5F413F-8859-4E64-800E-DBE066AD2EE1}.Debug|Any CPU.Build.0 = Debug|Any CPU
		{6F5F413F-8859-4E64-800E-DBE066AD2EE1}.Release|Any CPU.ActiveCfg = Release|Any CPU
		{6F5F413F-8859-4E64-800E-DBE066AD2EE1}.Release|Any CPU.Build.0 = Release|Any CPU
		{E72A498E-1496-4CBF-8BAE-2081EB06EB46}.Debug|Any CPU.ActiveCfg = Debug|Any CPU
		{E72A498E-1496-4CBF-8BAE-2081EB06EB46}.Debug|Any CPU.Build.0 = Debug|Any CPU
		{E72A498E-1496-4CBF-8BAE-2081EB06EB46}.Release|Any CPU.ActiveCfg = Release|Any CPU
		{E72A498E-1496-4CBF-8BAE-2081EB06EB46}.Release|Any CPU.Build.0 = Release|Any CPU
		{2C19DB96-96B5-465A-BAA0-EAFE77F8A0C3}.Debug|Any CPU.ActiveCfg = Debug|Any CPU
		{2C19DB96-96B5-465A-BAA0-EAFE77F8A0C3}.Debug|Any CPU.Build.0 = Debug|Any CPU
		{2C19DB96-96B5-465A-BAA0-EAFE77F8A0C3}.Release|Any CPU.ActiveCfg = Release|Any CPU
		{2C19DB96-96B5-465A-BAA0-EAFE77F8A0C3}.Release|Any CPU.Build.0 = Release|Any CPU
		{4D0C20B9-2AC5-4E67-B3E9-EF1139256EFC}.Debug|Any CPU.ActiveCfg = Debug|Any CPU
		{4D0C20B9-2AC5-4E67-B3E9-EF1139256EFC}.Debug|Any CPU.Build.0 = Debug|Any CPU
		{4D0C20B9-2AC5-4E67-B3E9-EF1139256EFC}.Release|Any CPU.ActiveCfg = Release|Any CPU
		{4D0C20B9-2AC5-4E67-B3E9-EF1139256EFC}.Release|Any CPU.Build.0 = Release|Any CPU
		{72BAD654-37D5-4B80-98AB-753BC0BB36B6}.Debug|Any CPU.ActiveCfg = Debug|Any CPU
		{72BAD654-37D5-4B80-98AB-753BC0BB36B6}.Debug|Any CPU.Build.0 = Debug|Any CPU
		{72BAD654-37D5-4B80-98AB-753BC0BB36B6}.Release|Any CPU.ActiveCfg = Release|Any CPU
		{72BAD654-37D5-4B80-98AB-753BC0BB36B6}.Release|Any CPU.Build.0 = Release|Any CPU
		{59D8C5D5-018A-429C-AF12-973B01DE070C}.Debug|Any CPU.ActiveCfg = Debug|Any CPU
		{59D8C5D5-018A-429C-AF12-973B01DE070C}.Debug|Any CPU.Build.0 = Debug|Any CPU
		{59D8C5D5-018A-429C-AF12-973B01DE070C}.Release|Any CPU.ActiveCfg = Release|Any CPU
		{59D8C5D5-018A-429C-AF12-973B01DE070C}.Release|Any CPU.Build.0 = Release|Any CPU
		{02CD345C-3EFE-4D23-9BE3-DF8F70F490D6}.Debug|Any CPU.ActiveCfg = Debug|Any CPU
		{02CD345C-3EFE-4D23-9BE3-DF8F70F490D6}.Debug|Any CPU.Build.0 = Debug|Any CPU
		{02CD345C-3EFE-4D23-9BE3-DF8F70F490D6}.Release|Any CPU.ActiveCfg = Release|Any CPU
		{02CD345C-3EFE-4D23-9BE3-DF8F70F490D6}.Release|Any CPU.Build.0 = Release|Any CPU
		{32583A41-5F49-47A0-BAC1-F750116378D4}.Debug|Any CPU.ActiveCfg = Debug|Any CPU
		{32583A41-5F49-47A0-BAC1-F750116378D4}.Debug|Any CPU.Build.0 = Debug|Any CPU
		{32583A41-5F49-47A0-BAC1-F750116378D4}.Release|Any CPU.ActiveCfg = Release|Any CPU
		{32583A41-5F49-47A0-BAC1-F750116378D4}.Release|Any CPU.Build.0 = Release|Any CPU
		{0960D6D0-BF0A-49B7-B65F-A16D9AD2126C}.Debug|Any CPU.ActiveCfg = Debug|Any CPU
		{0960D6D0-BF0A-49B7-B65F-A16D9AD2126C}.Debug|Any CPU.Build.0 = Debug|Any CPU
		{0960D6D0-BF0A-49B7-B65F-A16D9AD2126C}.Release|Any CPU.ActiveCfg = Release|Any CPU
		{0960D6D0-BF0A-49B7-B65F-A16D9AD2126C}.Release|Any CPU.Build.0 = Release|Any CPU
		{983828EE-562B-45E4-82DB-5CE7F9595AA2}.Debug|Any CPU.ActiveCfg = Debug|Any CPU
		{983828EE-562B-45E4-82DB-5CE7F9595AA2}.Debug|Any CPU.Build.0 = Debug|Any CPU
		{983828EE-562B-45E4-82DB-5CE7F9595AA2}.Release|Any CPU.ActiveCfg = Release|Any CPU
		{983828EE-562B-45E4-82DB-5CE7F9595AA2}.Release|Any CPU.Build.0 = Release|Any CPU
		{66365B89-5E2C-4F74-80DA-38FB78646EC2}.Debug|Any CPU.ActiveCfg = Debug|Any CPU
		{66365B89-5E2C-4F74-80DA-38FB78646EC2}.Debug|Any CPU.Build.0 = Debug|Any CPU
		{66365B89-5E2C-4F74-80DA-38FB78646EC2}.Release|Any CPU.ActiveCfg = Release|Any CPU
		{66365B89-5E2C-4F74-80DA-38FB78646EC2}.Release|Any CPU.Build.0 = Release|Any CPU
		{33AD20B1-F5F6-4C90-A3FB-282B54A9EECF}.Debug|Any CPU.ActiveCfg = Debug|Any CPU
		{33AD20B1-F5F6-4C90-A3FB-282B54A9EECF}.Debug|Any CPU.Build.0 = Debug|Any CPU
		{33AD20B1-F5F6-4C90-A3FB-282B54A9EECF}.Release|Any CPU.ActiveCfg = Release|Any CPU
		{33AD20B1-F5F6-4C90-A3FB-282B54A9EECF}.Release|Any CPU.Build.0 = Release|Any CPU
		{15371133-BF8A-485D-A871-0D1C9CE02FAD}.Debug|Any CPU.ActiveCfg = Debug|Any CPU
		{15371133-BF8A-485D-A871-0D1C9CE02FAD}.Debug|Any CPU.Build.0 = Debug|Any CPU
		{15371133-BF8A-485D-A871-0D1C9CE02FAD}.Release|Any CPU.ActiveCfg = Release|Any CPU
		{15371133-BF8A-485D-A871-0D1C9CE02FAD}.Release|Any CPU.Build.0 = Release|Any CPU
		{38528D17-2772-47D2-A8B3-9BEA4325DE7B}.Debug|Any CPU.ActiveCfg = Debug|Any CPU
		{38528D17-2772-47D2-A8B3-9BEA4325DE7B}.Debug|Any CPU.Build.0 = Debug|Any CPU
		{38528D17-2772-47D2-A8B3-9BEA4325DE7B}.Release|Any CPU.ActiveCfg = Release|Any CPU
		{38528D17-2772-47D2-A8B3-9BEA4325DE7B}.Release|Any CPU.Build.0 = Release|Any CPU
		{8244DC81-FEF5-4853-AC51-D04E6C27EE79}.Debug|Any CPU.ActiveCfg = Debug|Any CPU
		{8244DC81-FEF5-4853-AC51-D04E6C27EE79}.Debug|Any CPU.Build.0 = Debug|Any CPU
		{8244DC81-FEF5-4853-AC51-D04E6C27EE79}.Release|Any CPU.ActiveCfg = Release|Any CPU
		{8244DC81-FEF5-4853-AC51-D04E6C27EE79}.Release|Any CPU.Build.0 = Release|Any CPU
		{3E883AFD-5AC5-4A9B-B788-1091F90373E7}.Debug|Any CPU.ActiveCfg = Debug|Any CPU
		{3E883AFD-5AC5-4A9B-B788-1091F90373E7}.Debug|Any CPU.Build.0 = Debug|Any CPU
		{3E883AFD-5AC5-4A9B-B788-1091F90373E7}.Release|Any CPU.ActiveCfg = Release|Any CPU
		{3E883AFD-5AC5-4A9B-B788-1091F90373E7}.Release|Any CPU.Build.0 = Release|Any CPU
		{206B5F31-2770-46BE-84CD-CF408AC12625}.Debug|Any CPU.ActiveCfg = Debug|Any CPU
		{206B5F31-2770-46BE-84CD-CF408AC12625}.Debug|Any CPU.Build.0 = Debug|Any CPU
		{206B5F31-2770-46BE-84CD-CF408AC12625}.Release|Any CPU.ActiveCfg = Release|Any CPU
		{206B5F31-2770-46BE-84CD-CF408AC12625}.Release|Any CPU.Build.0 = Release|Any CPU
		{C251F445-014C-47AF-A6B8-F93F16C3023E}.Debug|Any CPU.ActiveCfg = Debug|Any CPU
		{C251F445-014C-47AF-A6B8-F93F16C3023E}.Debug|Any CPU.Build.0 = Debug|Any CPU
		{C251F445-014C-47AF-A6B8-F93F16C3023E}.Release|Any CPU.ActiveCfg = Release|Any CPU
		{C251F445-014C-47AF-A6B8-F93F16C3023E}.Release|Any CPU.Build.0 = Release|Any CPU
		{9770AFE4-6820-409C-89BE-BE4DD5FD22E2}.Debug|Any CPU.ActiveCfg = Debug|Any CPU
		{9770AFE4-6820-409C-89BE-BE4DD5FD22E2}.Debug|Any CPU.Build.0 = Debug|Any CPU
		{9770AFE4-6820-409C-89BE-BE4DD5FD22E2}.Release|Any CPU.ActiveCfg = Release|Any CPU
		{9770AFE4-6820-409C-89BE-BE4DD5FD22E2}.Release|Any CPU.Build.0 = Release|Any CPU
		{AAC8A249-33D5-48CF-A257-8D1A849DAA01}.Debug|Any CPU.ActiveCfg = Debug|Any CPU
		{AAC8A249-33D5-48CF-A257-8D1A849DAA01}.Debug|Any CPU.Build.0 = Debug|Any CPU
		{AAC8A249-33D5-48CF-A257-8D1A849DAA01}.Release|Any CPU.ActiveCfg = Release|Any CPU
		{AAC8A249-33D5-48CF-A257-8D1A849DAA01}.Release|Any CPU.Build.0 = Release|Any CPU
		{EBD06526-9272-42D5-8FD4-47DFD098BD67}.Debug|Any CPU.ActiveCfg = Debug|Any CPU
		{EBD06526-9272-42D5-8FD4-47DFD098BD67}.Debug|Any CPU.Build.0 = Debug|Any CPU
		{EBD06526-9272-42D5-8FD4-47DFD098BD67}.Release|Any CPU.ActiveCfg = Release|Any CPU
		{EBD06526-9272-42D5-8FD4-47DFD098BD67}.Release|Any CPU.Build.0 = Release|Any CPU
		{A50B7C58-25C5-45C9-89FA-27FDB2987B43}.Debug|Any CPU.ActiveCfg = Debug|Any CPU
		{A50B7C58-25C5-45C9-89FA-27FDB2987B43}.Debug|Any CPU.Build.0 = Debug|Any CPU
		{A50B7C58-25C5-45C9-89FA-27FDB2987B43}.Release|Any CPU.ActiveCfg = Release|Any CPU
		{A50B7C58-25C5-45C9-89FA-27FDB2987B43}.Release|Any CPU.Build.0 = Release|Any CPU
		{ACD8E202-AD03-4A88-BB49-C8143F601D3F}.Debug|Any CPU.ActiveCfg = Debug|Any CPU
		{ACD8E202-AD03-4A88-BB49-C8143F601D3F}.Debug|Any CPU.Build.0 = Debug|Any CPU
		{ACD8E202-AD03-4A88-BB49-C8143F601D3F}.Release|Any CPU.ActiveCfg = Release|Any CPU
		{ACD8E202-AD03-4A88-BB49-C8143F601D3F}.Release|Any CPU.Build.0 = Release|Any CPU
		{C0A65BB9-79F0-4013-BC86-C34E487DDB00}.Debug|Any CPU.ActiveCfg = Debug|Any CPU
		{C0A65BB9-79F0-4013-BC86-C34E487DDB00}.Debug|Any CPU.Build.0 = Debug|Any CPU
		{C0A65BB9-79F0-4013-BC86-C34E487DDB00}.Release|Any CPU.ActiveCfg = Release|Any CPU
		{C0A65BB9-79F0-4013-BC86-C34E487DDB00}.Release|Any CPU.Build.0 = Release|Any CPU
		{FB88BFE1-AA63-4849-ADA4-F0978AEA6227}.Debug|Any CPU.ActiveCfg = Debug|Any CPU
		{FB88BFE1-AA63-4849-ADA4-F0978AEA6227}.Debug|Any CPU.Build.0 = Debug|Any CPU
		{FB88BFE1-AA63-4849-ADA4-F0978AEA6227}.Release|Any CPU.ActiveCfg = Release|Any CPU
		{FB88BFE1-AA63-4849-ADA4-F0978AEA6227}.Release|Any CPU.Build.0 = Release|Any CPU
		{65BDD3BA-92DD-4741-BC06-936C62502898}.Debug|Any CPU.ActiveCfg = Debug|Any CPU
		{65BDD3BA-92DD-4741-BC06-936C62502898}.Debug|Any CPU.Build.0 = Debug|Any CPU
		{65BDD3BA-92DD-4741-BC06-936C62502898}.Release|Any CPU.ActiveCfg = Release|Any CPU
		{65BDD3BA-92DD-4741-BC06-936C62502898}.Release|Any CPU.Build.0 = Release|Any CPU
		{8A1C186F-E3F4-4C90-BE0F-4952C117BA84}.Debug|Any CPU.ActiveCfg = Debug|Any CPU
		{8A1C186F-E3F4-4C90-BE0F-4952C117BA84}.Debug|Any CPU.Build.0 = Debug|Any CPU
		{8A1C186F-E3F4-4C90-BE0F-4952C117BA84}.Release|Any CPU.ActiveCfg = Release|Any CPU
		{8A1C186F-E3F4-4C90-BE0F-4952C117BA84}.Release|Any CPU.Build.0 = Release|Any CPU
		{842A7821-3896-4E65-853C-56775974CCC3}.Debug|Any CPU.ActiveCfg = Debug|Any CPU
		{842A7821-3896-4E65-853C-56775974CCC3}.Debug|Any CPU.Build.0 = Debug|Any CPU
		{842A7821-3896-4E65-853C-56775974CCC3}.Release|Any CPU.ActiveCfg = Release|Any CPU
		{842A7821-3896-4E65-853C-56775974CCC3}.Release|Any CPU.Build.0 = Release|Any CPU
		{CBB0346A-C987-4F81-B90A-06311F2DDB53}.Debug|Any CPU.ActiveCfg = Debug|Any CPU
		{CBB0346A-C987-4F81-B90A-06311F2DDB53}.Debug|Any CPU.Build.0 = Debug|Any CPU
		{CBB0346A-C987-4F81-B90A-06311F2DDB53}.Release|Any CPU.ActiveCfg = Release|Any CPU
		{CBB0346A-C987-4F81-B90A-06311F2DDB53}.Release|Any CPU.Build.0 = Release|Any CPU
		{965907D6-7993-4F5E-BCD1-738F26521AA6}.Debug|Any CPU.ActiveCfg = Debug|Any CPU
		{965907D6-7993-4F5E-BCD1-738F26521AA6}.Debug|Any CPU.Build.0 = Debug|Any CPU
		{965907D6-7993-4F5E-BCD1-738F26521AA6}.Release|Any CPU.ActiveCfg = Release|Any CPU
		{965907D6-7993-4F5E-BCD1-738F26521AA6}.Release|Any CPU.Build.0 = Release|Any CPU
	EndGlobalSection
	GlobalSection(SolutionProperties) = preSolution
		HideSolutionNode = FALSE
	EndGlobalSection
	GlobalSection(NestedProjects) = preSolution
		{C426DC38-84E9-4F9B-A3AB-29EFC0C919E2} = {F2CFD281-F462-46F3-BE10-DDD44B562ECF}
		{A8C86B04-26FE-4828-96C4-F9B4BFCD42AF} = {F2CFD281-F462-46F3-BE10-DDD44B562ECF}
		{87EFD25E-E9CB-494D-83E5-17A644CB27BE} = {33B54641-AB9A-4DEC-9F4C-6FEA46E60628}
		{6C39C65F-227B-4145-9556-19DAB276B048} = {F2CFD281-F462-46F3-BE10-DDD44B562ECF}
		{A48CDDB6-22BA-4F27-86F6-1F049D072C53} = {F2CFD281-F462-46F3-BE10-DDD44B562ECF}
		{19AA2BF3-7E01-4991-9393-72799098A6DA} = {F2CFD281-F462-46F3-BE10-DDD44B562ECF}
		{D9DD3056-0EDA-41B4-B937-57134F605D3E} = {DD1A787D-B1A1-499F-9D93-4A65405D0D57}
		{1A2BD9E0-CE92-424F-A5FC-FF5915E720DF} = {DD1A787D-B1A1-499F-9D93-4A65405D0D57}
		{99E5BED9-0A57-4F90-8380-4FDF07943CC7} = {DD1A787D-B1A1-499F-9D93-4A65405D0D57}
		{B711FBC2-2446-4BBD-B4E6-D00AEB4CF419} = {B4D48E3E-1133-4320-8E28-A8215B3002F0}
		{934CC724-0345-4C35-99B2-2ED0F66BC96F} = {07D93309-8C36-4F69-B44E-028D22147605}
		{3E3F7A52-A266-4278-90FA-490280D01513} = {07D93309-8C36-4F69-B44E-028D22147605}
		{26A7BB05-F643-4AE1-B9C8-F1FEB11ED5D7} = {07D93309-8C36-4F69-B44E-028D22147605}
		{B9DDDDC1-24C5-45B9-986A-02B4B3EA6511} = {6ED8E1B6-7B58-4180-A538-DC28C053DB62}
		{51710179-5E80-4F62-88AA-7E256F5DE025} = {B239C032-5DF3-4D2B-9C45-CA417411AC80}
		{E7B31074-951E-4A79-9E82-222DED8CA78A} = {7FBDF70D-EC17-484F-B3BF-1395269890B9}
		{CF0FE1EA-445A-427D-B8B9-58DE38B23097} = {7FBDF70D-EC17-484F-B3BF-1395269890B9}
		{06BE32B6-B00C-40D8-8A8E-402B79939A15} = {7FBDF70D-EC17-484F-B3BF-1395269890B9}
		{3585B7BB-8686-4715-A766-9FBFAE5B9F7E} = {6B9A522D-B3A6-4EBF-B525-250DF345DB55}
		{A0456070-A589-4AE1-B94B-503AA2255F5D} = {6B9A522D-B3A6-4EBF-B525-250DF345DB55}
		{C61ED147-DCBF-4080-B58E-F736186CF75D} = {6B9A522D-B3A6-4EBF-B525-250DF345DB55}
		{04DA76B6-6BE4-4D7A-BEB7-F7201907E280} = {6B9A522D-B3A6-4EBF-B525-250DF345DB55}
		{9A77480D-CAF9-4BFF-B0D7-EDEEE90B8EB0} = {6B9A522D-B3A6-4EBF-B525-250DF345DB55}
		{7F9D7B8F-B40E-48A6-A7C7-16370CA71C3F} = {6B9A522D-B3A6-4EBF-B525-250DF345DB55}
		{5C0FF361-CEC2-4D12-868C-6CED016CBF7A} = {3318449C-D2EC-4863-8202-9C58B656BDFB}
		{7379D7F7-00E3-4078-AAF2-09ABD2846C59} = {3318449C-D2EC-4863-8202-9C58B656BDFB}
		{5121D6FE-749A-4119-AB92-38AEADDC3EE7} = {3318449C-D2EC-4863-8202-9C58B656BDFB}
		{95AFF411-634D-436A-8D92-F6E8B23BAE53} = {90D35F85-A22A-4C4E-8DE4-D3B2FA2518C0}
		{36350C4E-52B3-4D53-A787-A5AD00529E35} = {90D35F85-A22A-4C4E-8DE4-D3B2FA2518C0}
		{EEE4EE09-9F3D-4937-9323-D9CFF0FE7A07} = {90D35F85-A22A-4C4E-8DE4-D3B2FA2518C0}
		{A7EE6A44-953E-4FFC-A6F2-90AFBBFF1958} = {C95458F8-6B26-456A-BB57-B57968CC4563}
		{2B3365B9-BFB5-4FED-9BCC-3F77D7FA46A1} = {C95458F8-6B26-456A-BB57-B57968CC4563}
		{F16F488F-3949-48CD-86A6-C7BB47CC291A} = {C95458F8-6B26-456A-BB57-B57968CC4563}
		{F0253ABF-E894-4612-B637-2DC06308C734} = {44F66CA4-DA7F-4D65-AD5F-D4AAD779FF59}
		{5987ADB9-783D-46B3-BADC-DF3670BCC4AC} = {44F66CA4-DA7F-4D65-AD5F-D4AAD779FF59}
		{0E5F3797-705A-46D4-B0C6-6679FED604A5} = {44F66CA4-DA7F-4D65-AD5F-D4AAD779FF59}
		{932CBF9F-2005-471E-B738-94607A5E9503} = {44F66CA4-DA7F-4D65-AD5F-D4AAD779FF59}
		{399D2A83-D20D-45FC-A6DF-4D58F97A9DD5} = {44F66CA4-DA7F-4D65-AD5F-D4AAD779FF59}
		{90C32484-D1E8-4083-9894-AC80CD877137} = {44F66CA4-DA7F-4D65-AD5F-D4AAD779FF59}
		{F32EF3BA-E285-468F-9C2D-26BC75EE48FB} = {44F66CA4-DA7F-4D65-AD5F-D4AAD779FF59}
		{0513286B-437B-4881-8AED-2E7F09B37924} = {AC379379-25D1-4799-B493-59889833E1E4}
		{04AA1A96-8C99-47AF-A69B-7665923B4E45} = {AC379379-25D1-4799-B493-59889833E1E4}
		{F7A4F85B-9B84-46CD-93E7-29F5DA3CB45B} = {AC379379-25D1-4799-B493-59889833E1E4}
		{583F8C82-DC16-4B77-9382-C22024D67ADD} = {AC379379-25D1-4799-B493-59889833E1E4}
		{09A20D46-2F20-4339-8728-1DAC77F1E42B} = {AC379379-25D1-4799-B493-59889833E1E4}
		{D6B90C52-3DDA-40CA-A563-06E2C7EC9B5E} = {AC379379-25D1-4799-B493-59889833E1E4}
		{D635AFE3-CD7C-4782-8BE6-8B9280E91F3B} = {38F262AA-12E7-412F-A7BB-992D90791AFC}
		{7AE83291-DDD4-41E4-AC35-9268E3F5B617} = {38F262AA-12E7-412F-A7BB-992D90791AFC}
		{B0AF3C49-4F23-4780-836D-6887AB1EF12F} = {38F262AA-12E7-412F-A7BB-992D90791AFC}
		{892DD5C9-5B7E-4D52-94D3-BE9FC05E8F84} = {38F262AA-12E7-412F-A7BB-992D90791AFC}
		{88DB792E-EA18-4142-9B15-F0400C7B9FE4} = {2B38A16C-FB99-4EA9-96DE-80079CF60500}
		{5DC766C5-160F-4E26-A7C0-43A95B891B05} = {2B38A16C-FB99-4EA9-96DE-80079CF60500}
		{8F21000C-A47C-4711-AD19-08CED198A1AC} = {2B38A16C-FB99-4EA9-96DE-80079CF60500}
		{DE6342B9-D397-4DA2-9BAE-AC2FA11B5B2C} = {2B38A16C-FB99-4EA9-96DE-80079CF60500}
		{2C145BFF-A4B0-41A0-AFF3-67336EB80E57} = {2B38A16C-FB99-4EA9-96DE-80079CF60500}
		{7ECE2015-D366-4358-8B82-0A4B97CE725E} = {2B38A16C-FB99-4EA9-96DE-80079CF60500}
		{44CCABF3-272B-4359-A076-C12D276FEF2E} = {2B38A16C-FB99-4EA9-96DE-80079CF60500}
		{2D1BBBBF-5070-404F-A672-906E8E535C0F} = {2B38A16C-FB99-4EA9-96DE-80079CF60500}
		{50A6ADAC-7F19-4D7D-BA04-9A3DC40987D3} = {2B38A16C-FB99-4EA9-96DE-80079CF60500}
		{9C1723C5-5E6C-44AC-ABB7-69D426034C03} = {2B38A16C-FB99-4EA9-96DE-80079CF60500}
		{8CB02CFB-2F76-472C-8262-98BA17D59946} = {2B38A16C-FB99-4EA9-96DE-80079CF60500}
		{C42F8E0B-4788-4654-AAA2-B23B89602D7C} = {2B38A16C-FB99-4EA9-96DE-80079CF60500}
		{6F5F413F-8859-4E64-800E-DBE066AD2EE1} = {2B38A16C-FB99-4EA9-96DE-80079CF60500}
		{E72A498E-1496-4CBF-8BAE-2081EB06EB46} = {2B38A16C-FB99-4EA9-96DE-80079CF60500}
		{2C19DB96-96B5-465A-BAA0-EAFE77F8A0C3} = {2B38A16C-FB99-4EA9-96DE-80079CF60500}
		{4D0C20B9-2AC5-4E67-B3E9-EF1139256EFC} = {2B38A16C-FB99-4EA9-96DE-80079CF60500}
		{72BAD654-37D5-4B80-98AB-753BC0BB36B6} = {2B38A16C-FB99-4EA9-96DE-80079CF60500}
		{59D8C5D5-018A-429C-AF12-973B01DE070C} = {2B38A16C-FB99-4EA9-96DE-80079CF60500}
		{02CD345C-3EFE-4D23-9BE3-DF8F70F490D6} = {2B38A16C-FB99-4EA9-96DE-80079CF60500}
		{32583A41-5F49-47A0-BAC1-F750116378D4} = {2B38A16C-FB99-4EA9-96DE-80079CF60500}
		{0960D6D0-BF0A-49B7-B65F-A16D9AD2126C} = {2B38A16C-FB99-4EA9-96DE-80079CF60500}
		{983828EE-562B-45E4-82DB-5CE7F9595AA2} = {2B38A16C-FB99-4EA9-96DE-80079CF60500}
		{66365B89-5E2C-4F74-80DA-38FB78646EC2} = {2B38A16C-FB99-4EA9-96DE-80079CF60500}
		{33AD20B1-F5F6-4C90-A3FB-282B54A9EECF} = {2B38A16C-FB99-4EA9-96DE-80079CF60500}
		{15371133-BF8A-485D-A871-0D1C9CE02FAD} = {2B38A16C-FB99-4EA9-96DE-80079CF60500}
		{38528D17-2772-47D2-A8B3-9BEA4325DE7B} = {2B38A16C-FB99-4EA9-96DE-80079CF60500}
		{8244DC81-FEF5-4853-AC51-D04E6C27EE79} = {9D7EE31E-E0C9-49C0-9D0F-1DA5FBD6EF6B}
		{3E883AFD-5AC5-4A9B-B788-1091F90373E7} = {FD9C5E9F-EADF-4123-ADE6-4C4C33E0EEA8}
		{206B5F31-2770-46BE-84CD-CF408AC12625} = {FD9C5E9F-EADF-4123-ADE6-4C4C33E0EEA8}
		{C251F445-014C-47AF-A6B8-F93F16C3023E} = {E1A75BFA-37E0-4539-99EC-484D2D256F2F}
		{9770AFE4-6820-409C-89BE-BE4DD5FD22E2} = {E1A75BFA-37E0-4539-99EC-484D2D256F2F}
		{AAC8A249-33D5-48CF-A257-8D1A849DAA01} = {E1A75BFA-37E0-4539-99EC-484D2D256F2F}
		{EBD06526-9272-42D5-8FD4-47DFD098BD67} = {E1A75BFA-37E0-4539-99EC-484D2D256F2F}
		{A50B7C58-25C5-45C9-89FA-27FDB2987B43} = {E1A75BFA-37E0-4539-99EC-484D2D256F2F}
		{ACD8E202-AD03-4A88-BB49-C8143F601D3F} = {E1A75BFA-37E0-4539-99EC-484D2D256F2F}
		{C0A65BB9-79F0-4013-BC86-C34E487DDB00} = {E1A75BFA-37E0-4539-99EC-484D2D256F2F}
		{FB88BFE1-AA63-4849-ADA4-F0978AEA6227} = {B381AFBC-2036-45AC-96C9-12E9F2532E19}
		{65BDD3BA-92DD-4741-BC06-936C62502898} = {B55467F0-6298-481C-BBDE-77336E55B56C}
		{8A1C186F-E3F4-4C90-BE0F-4952C117BA84} = {886F9B92-0339-49FA-8D39-80BAB3312D27}
		{842A7821-3896-4E65-853C-56775974CCC3} = {8BE10695-E334-4648-8997-26F7E7FCA309}
		{CBB0346A-C987-4F81-B90A-06311F2DDB53} = {8BE10695-E334-4648-8997-26F7E7FCA309}
		{965907D6-7993-4F5E-BCD1-738F26521AA6} = {A212BF71-D77D-4A61-A68A-B21C9D23B002}
	EndGlobalSection
	GlobalSection(ExtensibilityGlobals) = postSolution
		SolutionGuid = {8B096D2A-C442-445F-BF54-A2FF58C812C6}
	EndGlobalSection
EndGlobal
